// !$*UTF8*$!
{
	archiveVersion = 1;
	classes = {
	};
	objectVersion = 46;
	objects = {

/* Begin PBXBuildFile section */
		A80E8A141F2BD0DF00A92BFB /* DatabaseManagerApp.m in Sources */ = {isa = PBXBuildFile; fileRef = A80E8A131F2BD0DF00A92BFB /* DatabaseManagerApp.m */; };
		A842C72C1EB023FB002ED089 /* main.m in Sources */ = {isa = PBXBuildFile; fileRef = A842C72B1EB023FB002ED089 /* main.m */; };
		A842C72F1EB023FB002ED089 /* AppDelegate.m in Sources */ = {isa = PBXBuildFile; fileRef = A842C72E1EB023FB002ED089 /* AppDelegate.m */; };
		A842C7371EB023FB002ED089 /* Assets.xcassets in Resources */ = {isa = PBXBuildFile; fileRef = A842C7361EB023FB002ED089 /* Assets.xcassets */; };
		A842C73A1EB023FB002ED089 /* LaunchScreen.storyboard in Resources */ = {isa = PBXBuildFile; fileRef = A842C7381EB023FB002ED089 /* LaunchScreen.storyboard */; };
		A86A06831F2DA820005A0936 /* HomeView.storyboard in Resources */ = {isa = PBXBuildFile; fileRef = A86A06801F2DA820005A0936 /* HomeView.storyboard */; };
		A86A06841F2DA820005A0936 /* OfflineView.storyboard in Resources */ = {isa = PBXBuildFile; fileRef = A86A06811F2DA820005A0936 /* OfflineView.storyboard */; };
		A86A06851F2DA820005A0936 /* StoreView.storyboard in Resources */ = {isa = PBXBuildFile; fileRef = A86A06821F2DA820005A0936 /* StoreView.storyboard */; };
		A86A06B71F2DA850005A0936 /* HomeViewController.m in Sources */ = {isa = PBXBuildFile; fileRef = A86A06B21F2DA850005A0936 /* HomeViewController.m */; };
		A86A06B81F2DA850005A0936 /* OfflineViewController.m in Sources */ = {isa = PBXBuildFile; fileRef = A86A06B41F2DA850005A0936 /* OfflineViewController.m */; };
		A86A06B91F2DA850005A0936 /* StoreViewController.m in Sources */ = {isa = PBXBuildFile; fileRef = A86A06B61F2DA850005A0936 /* StoreViewController.m */; };
		A86A06C31F2DA863005A0936 /* ServerCell.m in Sources */ = {isa = PBXBuildFile; fileRef = A86A06BC1F2DA863005A0936 /* ServerCell.m */; };
		A86A06C41F2DA863005A0936 /* StatusCell.m in Sources */ = {isa = PBXBuildFile; fileRef = A86A06BE1F2DA863005A0936 /* StatusCell.m */; };
		A86A06C51F2DA863005A0936 /* UpdateCell.m in Sources */ = {isa = PBXBuildFile; fileRef = A86A06C01F2DA863005A0936 /* UpdateCell.m */; };
		A86A06C61F2DA863005A0936 /* OfflineCell.m in Sources */ = {isa = PBXBuildFile; fileRef = A86A06C21F2DA863005A0936 /* OfflineCell.m */; };
		A8A4CB501F2B406700B87449 /* Controller.m in Sources */ = {isa = PBXBuildFile; fileRef = A8A4CB301F2B406700B87449 /* Controller.m */; };
		A8A4CB511F2B406700B87449 /* DataController.m in Sources */ = {isa = PBXBuildFile; fileRef = A8A4CB321F2B406700B87449 /* DataController.m */; };
		A8A4CB521F2B406700B87449 /* StatusController.m in Sources */ = {isa = PBXBuildFile; fileRef = A8A4CB341F2B406700B87449 /* StatusController.m */; };
		A8A4CB531F2B406700B87449 /* Commands.m in Sources */ = {isa = PBXBuildFile; fileRef = A8A4CB381F2B406700B87449 /* Commands.m */; };
		A8A4CB541F2B406700B87449 /* DatabaseManager.m in Sources */ = {isa = PBXBuildFile; fileRef = A8A4CB3A1F2B406700B87449 /* DatabaseManager.m */; };
		A8A4CB551F2B406700B87449 /* DateHelper.m in Sources */ = {isa = PBXBuildFile; fileRef = A8A4CB3C1F2B406700B87449 /* DateHelper.m */; };
		A8A4CB561F2B406700B87449 /* InsertCommands.m in Sources */ = {isa = PBXBuildFile; fileRef = A8A4CB3E1F2B406700B87449 /* InsertCommands.m */; };
		A8A4CB571F2B406700B87449 /* SelectCommands.m in Sources */ = {isa = PBXBuildFile; fileRef = A8A4CB401F2B406700B87449 /* SelectCommands.m */; };
		A8A4CB581F2B406700B87449 /* TableCommands.m in Sources */ = {isa = PBXBuildFile; fileRef = A8A4CB421F2B406700B87449 /* TableCommands.m */; };
		A8A4CB591F2B406700B87449 /* UpdateCommands.m in Sources */ = {isa = PBXBuildFile; fileRef = A8A4CB441F2B406700B87449 /* UpdateCommands.m */; };
		A8A4CB5A1F2B406700B87449 /* NetworkUtility.m in Sources */ = {isa = PBXBuildFile; fileRef = A8A4CB471F2B406700B87449 /* NetworkUtility.m */; };
		A8A4CB5B1F2B406700B87449 /* Reachability.m in Sources */ = {isa = PBXBuildFile; fileRef = A8A4CB491F2B406700B87449 /* Reachability.m */; };
		A8A4CB5C1F2B406700B87449 /* WalgreensAPI.m in Sources */ = {isa = PBXBuildFile; fileRef = A8A4CB4B1F2B406700B87449 /* WalgreensAPI.m */; };
		A8A4CB5D1F2B406700B87449 /* Input.m in Sources */ = {isa = PBXBuildFile; fileRef = A8A4CB4E1F2B406700B87449 /* Input.m */; };
		A8C1D31D1ED827EA00D34DD4 /* libsqlite3.tbd in Frameworks */ = {isa = PBXBuildFile; fileRef = A8C1D31C1ED827EA00D34DD4 /* libsqlite3.tbd */; };
/* End PBXBuildFile section */

/* Begin PBXContainerItemProxy section */
		3978F1601EBEAF16001FD643 /* PBXContainerItemProxy */ = {
			isa = PBXContainerItemProxy;
			containerPortal = A842C71F1EB023FB002ED089 /* Project object */;
			proxyType = 1;
			remoteGlobalIDString = A842C7261EB023FB002ED089;
			remoteInfo = WalgreensDashboardApp;
		};
/* End PBXContainerItemProxy section */

/* Begin PBXFileReference section */
		3978F15B1EBEAF16001FD643 /* WalgreensDashboardAppTests.xctest */ = {isa = PBXFileReference; explicitFileType = wrapper.cfbundle; includeInIndex = 0; path = WalgreensDashboardAppTests.xctest; sourceTree = BUILT_PRODUCTS_DIR; };
		3978F15F1EBEAF16001FD643 /* Info.plist */ = {isa = PBXFileReference; lastKnownFileType = text.plist.xml; path = Info.plist; sourceTree = "<group>"; };
		A80E8A121F2BD0D100A92BFB /* DatabaseManagerApp.h */ = {isa = PBXFileReference; lastKnownFileType = sourcecode.c.h; path = DatabaseManagerApp.h; sourceTree = "<group>"; };
		A80E8A131F2BD0DF00A92BFB /* DatabaseManagerApp.m */ = {isa = PBXFileReference; fileEncoding = 4; lastKnownFileType = sourcecode.c.objc; path = DatabaseManagerApp.m; sourceTree = "<group>"; };
		A842C7271EB023FB002ED089 /* WalgreensDashboardApp.app */ = {isa = PBXFileReference; explicitFileType = wrapper.application; includeInIndex = 0; path = WalgreensDashboardApp.app; sourceTree = BUILT_PRODUCTS_DIR; };
		A842C72B1EB023FB002ED089 /* main.m */ = {isa = PBXFileReference; lastKnownFileType = sourcecode.c.objc; path = main.m; sourceTree = "<group>"; };
		A842C72D1EB023FB002ED089 /* AppDelegate.h */ = {isa = PBXFileReference; lastKnownFileType = sourcecode.c.h; path = AppDelegate.h; sourceTree = "<group>"; };
		A842C72E1EB023FB002ED089 /* AppDelegate.m */ = {isa = PBXFileReference; lastKnownFileType = sourcecode.c.objc; path = AppDelegate.m; sourceTree = "<group>"; };
		A842C7361EB023FB002ED089 /* Assets.xcassets */ = {isa = PBXFileReference; lastKnownFileType = folder.assetcatalog; name = Assets.xcassets; path = Resources/Assets.xcassets; sourceTree = "<group>"; };
		A842C7391EB023FB002ED089 /* Base */ = {isa = PBXFileReference; lastKnownFileType = file.storyboard; name = Base; path = Base.lproj/LaunchScreen.storyboard; sourceTree = "<group>"; };
		A842C73B1EB023FB002ED089 /* Info.plist */ = {isa = PBXFileReference; lastKnownFileType = text.plist.xml; path = Info.plist; sourceTree = "<group>"; };
		A86A06801F2DA820005A0936 /* HomeView.storyboard */ = {isa = PBXFileReference; fileEncoding = 4; lastKnownFileType = file.storyboard; path = HomeView.storyboard; sourceTree = "<group>"; };
		A86A06811F2DA820005A0936 /* OfflineView.storyboard */ = {isa = PBXFileReference; fileEncoding = 4; lastKnownFileType = file.storyboard; path = OfflineView.storyboard; sourceTree = "<group>"; };
		A86A06821F2DA820005A0936 /* StoreView.storyboard */ = {isa = PBXFileReference; fileEncoding = 4; lastKnownFileType = file.storyboard; path = StoreView.storyboard; sourceTree = "<group>"; };
		A86A06B11F2DA850005A0936 /* HomeViewController.h */ = {isa = PBXFileReference; fileEncoding = 4; lastKnownFileType = sourcecode.c.h; path = HomeViewController.h; sourceTree = "<group>"; };
		A86A06B21F2DA850005A0936 /* HomeViewController.m */ = {isa = PBXFileReference; fileEncoding = 4; lastKnownFileType = sourcecode.c.objc; path = HomeViewController.m; sourceTree = "<group>"; };
		A86A06B31F2DA850005A0936 /* OfflineViewController.h */ = {isa = PBXFileReference; fileEncoding = 4; lastKnownFileType = sourcecode.c.h; path = OfflineViewController.h; sourceTree = "<group>"; };
		A86A06B41F2DA850005A0936 /* OfflineViewController.m */ = {isa = PBXFileReference; fileEncoding = 4; lastKnownFileType = sourcecode.c.objc; path = OfflineViewController.m; sourceTree = "<group>"; };
		A86A06B51F2DA850005A0936 /* StoreViewController.h */ = {isa = PBXFileReference; fileEncoding = 4; lastKnownFileType = sourcecode.c.h; path = StoreViewController.h; sourceTree = "<group>"; };
		A86A06B61F2DA850005A0936 /* StoreViewController.m */ = {isa = PBXFileReference; fileEncoding = 4; lastKnownFileType = sourcecode.c.objc; path = StoreViewController.m; sourceTree = "<group>"; };
		A86A06BB1F2DA863005A0936 /* ServerCell.h */ = {isa = PBXFileReference; fileEncoding = 4; lastKnownFileType = sourcecode.c.h; path = ServerCell.h; sourceTree = "<group>"; };
		A86A06BC1F2DA863005A0936 /* ServerCell.m */ = {isa = PBXFileReference; fileEncoding = 4; lastKnownFileType = sourcecode.c.objc; path = ServerCell.m; sourceTree = "<group>"; };
		A86A06BD1F2DA863005A0936 /* StatusCell.h */ = {isa = PBXFileReference; fileEncoding = 4; lastKnownFileType = sourcecode.c.h; path = StatusCell.h; sourceTree = "<group>"; };
		A86A06BE1F2DA863005A0936 /* StatusCell.m */ = {isa = PBXFileReference; fileEncoding = 4; lastKnownFileType = sourcecode.c.objc; path = StatusCell.m; sourceTree = "<group>"; };
		A86A06BF1F2DA863005A0936 /* UpdateCell.h */ = {isa = PBXFileReference; fileEncoding = 4; lastKnownFileType = sourcecode.c.h; path = UpdateCell.h; sourceTree = "<group>"; };
		A86A06C01F2DA863005A0936 /* UpdateCell.m */ = {isa = PBXFileReference; fileEncoding = 4; lastKnownFileType = sourcecode.c.objc; path = UpdateCell.m; sourceTree = "<group>"; };
		A86A06C11F2DA863005A0936 /* OfflineCell.h */ = {isa = PBXFileReference; fileEncoding = 4; lastKnownFileType = sourcecode.c.h; path = OfflineCell.h; sourceTree = "<group>"; };
		A86A06C21F2DA863005A0936 /* OfflineCell.m */ = {isa = PBXFileReference; fileEncoding = 4; lastKnownFileType = sourcecode.c.objc; path = OfflineCell.m; sourceTree = "<group>"; };
		A8A4CB2F1F2B406700B87449 /* Controller.h */ = {isa = PBXFileReference; fileEncoding = 4; lastKnownFileType = sourcecode.c.h; path = Controller.h; sourceTree = "<group>"; };
		A8A4CB301F2B406700B87449 /* Controller.m */ = {isa = PBXFileReference; fileEncoding = 4; lastKnownFileType = sourcecode.c.objc; path = Controller.m; sourceTree = "<group>"; };
		A8A4CB311F2B406700B87449 /* DataController.h */ = {isa = PBXFileReference; fileEncoding = 4; lastKnownFileType = sourcecode.c.h; path = DataController.h; sourceTree = "<group>"; };
		A8A4CB321F2B406700B87449 /* DataController.m */ = {isa = PBXFileReference; fileEncoding = 4; lastKnownFileType = sourcecode.c.objc; path = DataController.m; sourceTree = "<group>"; };
		A8A4CB331F2B406700B87449 /* StatusController.h */ = {isa = PBXFileReference; fileEncoding = 4; lastKnownFileType = sourcecode.c.h; path = StatusController.h; sourceTree = "<group>"; };
		A8A4CB341F2B406700B87449 /* StatusController.m */ = {isa = PBXFileReference; fileEncoding = 4; lastKnownFileType = sourcecode.c.objc; path = StatusController.m; sourceTree = "<group>"; };
		A8A4CB371F2B406700B87449 /* Commands.h */ = {isa = PBXFileReference; fileEncoding = 4; lastKnownFileType = sourcecode.c.h; path = Commands.h; sourceTree = "<group>"; };
		A8A4CB381F2B406700B87449 /* Commands.m */ = {isa = PBXFileReference; fileEncoding = 4; lastKnownFileType = sourcecode.c.objc; path = Commands.m; sourceTree = "<group>"; };
		A8A4CB391F2B406700B87449 /* DatabaseManager.h */ = {isa = PBXFileReference; fileEncoding = 4; lastKnownFileType = sourcecode.c.h; path = DatabaseManager.h; sourceTree = "<group>"; };
		A8A4CB3A1F2B406700B87449 /* DatabaseManager.m */ = {isa = PBXFileReference; fileEncoding = 4; lastKnownFileType = sourcecode.c.objc; path = DatabaseManager.m; sourceTree = "<group>"; };
		A8A4CB3B1F2B406700B87449 /* DateHelper.h */ = {isa = PBXFileReference; fileEncoding = 4; lastKnownFileType = sourcecode.c.h; path = DateHelper.h; sourceTree = "<group>"; };
		A8A4CB3C1F2B406700B87449 /* DateHelper.m */ = {isa = PBXFileReference; fileEncoding = 4; lastKnownFileType = sourcecode.c.objc; path = DateHelper.m; sourceTree = "<group>"; };
		A8A4CB3D1F2B406700B87449 /* InsertCommands.h */ = {isa = PBXFileReference; fileEncoding = 4; lastKnownFileType = sourcecode.c.h; path = InsertCommands.h; sourceTree = "<group>"; };
		A8A4CB3E1F2B406700B87449 /* InsertCommands.m */ = {isa = PBXFileReference; fileEncoding = 4; lastKnownFileType = sourcecode.c.objc; path = InsertCommands.m; sourceTree = "<group>"; };
		A8A4CB3F1F2B406700B87449 /* SelectCommands.h */ = {isa = PBXFileReference; fileEncoding = 4; lastKnownFileType = sourcecode.c.h; path = SelectCommands.h; sourceTree = "<group>"; };
		A8A4CB401F2B406700B87449 /* SelectCommands.m */ = {isa = PBXFileReference; fileEncoding = 4; lastKnownFileType = sourcecode.c.objc; path = SelectCommands.m; sourceTree = "<group>"; };
		A8A4CB411F2B406700B87449 /* TableCommands.h */ = {isa = PBXFileReference; fileEncoding = 4; lastKnownFileType = sourcecode.c.h; path = TableCommands.h; sourceTree = "<group>"; };
		A8A4CB421F2B406700B87449 /* TableCommands.m */ = {isa = PBXFileReference; fileEncoding = 4; lastKnownFileType = sourcecode.c.objc; path = TableCommands.m; sourceTree = "<group>"; };
		A8A4CB431F2B406700B87449 /* UpdateCommands.h */ = {isa = PBXFileReference; fileEncoding = 4; lastKnownFileType = sourcecode.c.h; path = UpdateCommands.h; sourceTree = "<group>"; };
		A8A4CB441F2B406700B87449 /* UpdateCommands.m */ = {isa = PBXFileReference; fileEncoding = 4; lastKnownFileType = sourcecode.c.objc; path = UpdateCommands.m; sourceTree = "<group>"; };
		A8A4CB461F2B406700B87449 /* NetworkUtility.h */ = {isa = PBXFileReference; fileEncoding = 4; lastKnownFileType = sourcecode.c.h; path = NetworkUtility.h; sourceTree = "<group>"; };
		A8A4CB471F2B406700B87449 /* NetworkUtility.m */ = {isa = PBXFileReference; fileEncoding = 4; lastKnownFileType = sourcecode.c.objc; path = NetworkUtility.m; sourceTree = "<group>"; };
		A8A4CB481F2B406700B87449 /* Reachability.h */ = {isa = PBXFileReference; fileEncoding = 4; lastKnownFileType = sourcecode.c.h; path = Reachability.h; sourceTree = "<group>"; };
		A8A4CB491F2B406700B87449 /* Reachability.m */ = {isa = PBXFileReference; fileEncoding = 4; lastKnownFileType = sourcecode.c.objc; path = Reachability.m; sourceTree = "<group>"; };
		A8A4CB4A1F2B406700B87449 /* WalgreensAPI.h */ = {isa = PBXFileReference; fileEncoding = 4; lastKnownFileType = sourcecode.c.h; path = WalgreensAPI.h; sourceTree = "<group>"; };
		A8A4CB4B1F2B406700B87449 /* WalgreensAPI.m */ = {isa = PBXFileReference; fileEncoding = 4; lastKnownFileType = sourcecode.c.objc; path = WalgreensAPI.m; sourceTree = "<group>"; };
		A8A4CB4D1F2B406700B87449 /* Input.h */ = {isa = PBXFileReference; fileEncoding = 4; lastKnownFileType = sourcecode.c.h; path = Input.h; sourceTree = "<group>"; };
		A8A4CB4E1F2B406700B87449 /* Input.m */ = {isa = PBXFileReference; fileEncoding = 4; lastKnownFileType = sourcecode.c.objc; path = Input.m; sourceTree = "<group>"; };
		A8A4CB4F1F2B406700B87449 /* main.m */ = {isa = PBXFileReference; fileEncoding = 4; lastKnownFileType = sourcecode.c.objc; path = main.m; sourceTree = "<group>"; };
		A8C1D31C1ED827EA00D34DD4 /* libsqlite3.tbd */ = {isa = PBXFileReference; lastKnownFileType = "sourcecode.text-based-dylib-definition"; name = libsqlite3.tbd; path = usr/lib/libsqlite3.tbd; sourceTree = SDKROOT; };
/* End PBXFileReference section */

/* Begin PBXFrameworksBuildPhase section */
		3978F1581EBEAF16001FD643 /* Frameworks */ = {
			isa = PBXFrameworksBuildPhase;
			buildActionMask = 2147483647;
			files = (
			);
			runOnlyForDeploymentPostprocessing = 0;
		};
		A842C7241EB023FB002ED089 /* Frameworks */ = {
			isa = PBXFrameworksBuildPhase;
			buildActionMask = 2147483647;
			files = (
				A8C1D31D1ED827EA00D34DD4 /* libsqlite3.tbd in Frameworks */,
			);
			runOnlyForDeploymentPostprocessing = 0;
		};
/* End PBXFrameworksBuildPhase section */

/* Begin PBXGroup section */
		3978F1461EBD462A001FD643 /* Frameworks */ = {
			isa = PBXGroup;
			children = (
				A8C1D31C1ED827EA00D34DD4 /* libsqlite3.tbd */,
			);
			name = Frameworks;
			sourceTree = "<group>";
		};
		3978F15C1EBEAF16001FD643 /* WalgreensDashboardAppTests */ = {
			isa = PBXGroup;
			children = (
				3978F15F1EBEAF16001FD643 /* Info.plist */,
			);
			path = WalgreensDashboardAppTests;
			sourceTree = "<group>";
		};
		A821BB241EDB95C700B878BA /* Common */ = {
			isa = PBXGroup;
			children = (
				A8A4CB5F1F2B433200B87449 /* Backend */,
				A821BB291EDB95F800B878BA /* Frontend */,
			);
			name = Common;
			sourceTree = "<group>";
		};
		A821BB291EDB95F800B878BA /* Frontend */ = {
			isa = PBXGroup;
			children = (
				A821BB2B1EDB961800B878BA /* Views */,
				A821BB2A1EDB960400B878BA /* Controllers */,
			);
			name = Frontend;
			sourceTree = "<group>";
		};
		A821BB2A1EDB960400B878BA /* Controllers */ = {
			isa = PBXGroup;
			children = (
				A86A06BA1F2DA858005A0936 /* Cells */,
				A86A06B11F2DA850005A0936 /* HomeViewController.h */,
				A86A06B21F2DA850005A0936 /* HomeViewController.m */,
				A86A06B31F2DA850005A0936 /* OfflineViewController.h */,
				A86A06B41F2DA850005A0936 /* OfflineViewController.m */,
				A86A06B51F2DA850005A0936 /* StoreViewController.h */,
				A86A06B61F2DA850005A0936 /* StoreViewController.m */,
			);
			name = Controllers;
			path = Common/Frontend/Controllers;
			sourceTree = "<group>";
		};
		A821BB2B1EDB961800B878BA /* Views */ = {
			isa = PBXGroup;
			children = (
				A86A06801F2DA820005A0936 /* HomeView.storyboard */,
				A86A06811F2DA820005A0936 /* OfflineView.storyboard */,
				A86A06821F2DA820005A0936 /* StoreView.storyboard */,
			);
			name = Views;
			path = Common/Frontend/Views;
			sourceTree = "<group>";
		};
		A821BB2D1EDB962E00B878BA /* Resources */ = {
			isa = PBXGroup;
			children = (
				A842C7361EB023FB002ED089 /* Assets.xcassets */,
				A821BB311EDB983700B878BA /* Base.iproj */,
				A821BB2F1EDB964800B878BA /* Database Files */,
			);
			name = Resources;
			sourceTree = "<group>";
		};
		A821BB2E1EDB963F00B878BA /* Supporting Files */ = {
			isa = PBXGroup;
			children = (
				A842C72D1EB023FB002ED089 /* AppDelegate.h */,
				A842C72E1EB023FB002ED089 /* AppDelegate.m */,
				A842C72B1EB023FB002ED089 /* main.m */,
				A842C73B1EB023FB002ED089 /* Info.plist */,
			);
			path = "Supporting Files";
			sourceTree = "<group>";
		};
		A821BB2F1EDB964800B878BA /* Database Files */ = {
			isa = PBXGroup;
			children = (
			);
			name = "Database Files";
			path = "Resources/Database Files";
			sourceTree = "<group>";
		};
		A821BB311EDB983700B878BA /* Base.iproj */ = {
			isa = PBXGroup;
			children = (
				A842C7381EB023FB002ED089 /* LaunchScreen.storyboard */,
			);
			name = Base.iproj;
			path = Resources/Base.lproj;
			sourceTree = "<group>";
		};
		A842C71E1EB023FB002ED089 = {
			isa = PBXGroup;
			children = (
				A842C7291EB023FB002ED089 /* WalgreensDashboardApp */,
				3978F15C1EBEAF16001FD643 /* WalgreensDashboardAppTests */,
				A842C7281EB023FB002ED089 /* Products */,
				3978F1461EBD462A001FD643 /* Frameworks */,
			);
			sourceTree = "<group>";
		};
		A842C7281EB023FB002ED089 /* Products */ = {
			isa = PBXGroup;
			children = (
				A842C7271EB023FB002ED089 /* WalgreensDashboardApp.app */,
				3978F15B1EBEAF16001FD643 /* WalgreensDashboardAppTests.xctest */,
			);
			name = Products;
			sourceTree = "<group>";
		};
		A842C7291EB023FB002ED089 /* WalgreensDashboardApp */ = {
			isa = PBXGroup;
			children = (
				A821BB241EDB95C700B878BA /* Common */,
				A821BB2D1EDB962E00B878BA /* Resources */,
				A821BB2E1EDB963F00B878BA /* Supporting Files */,
				A8A4CAE91F2B3F6A00B87449 /* External */,
			);
			path = WalgreensDashboardApp;
			sourceTree = "<group>";
		};
		A86A06BA1F2DA858005A0936 /* Cells */ = {
			isa = PBXGroup;
			children = (
				A86A06BB1F2DA863005A0936 /* ServerCell.h */,
				A86A06BC1F2DA863005A0936 /* ServerCell.m */,
				A86A06BD1F2DA863005A0936 /* StatusCell.h */,
				A86A06BE1F2DA863005A0936 /* StatusCell.m */,
				A86A06BF1F2DA863005A0936 /* UpdateCell.h */,
				A86A06C01F2DA863005A0936 /* UpdateCell.m */,
				A86A06C11F2DA863005A0936 /* OfflineCell.h */,
				A86A06C21F2DA863005A0936 /* OfflineCell.m */,
			);
			name = Cells;
			sourceTree = "<group>";
		};
		A8A4CAE91F2B3F6A00B87449 /* External */ = {
			isa = PBXGroup;
			children = (
				A8A4CB2D1F2B406700B87449 /* WalgreensAPIHarvester */,
			);
			path = External;
			sourceTree = "<group>";
		};
		A8A4CB2D1F2B406700B87449 /* WalgreensAPIHarvester */ = {
			isa = PBXGroup;
			children = (
				A8A4CB2E1F2B406700B87449 /* Controller */,
				A8A4CB351F2B406700B87449 /* Model */,
				A8A4CB4C1F2B406700B87449 /* View */,
			);
			name = WalgreensAPIHarvester;
			path = WalgreensAPIHarvester/WalgreensAPIHarvester;
			sourceTree = "<group>";
		};
		A8A4CB2E1F2B406700B87449 /* Controller */ = {
			isa = PBXGroup;
			children = (
				A8A4CB2F1F2B406700B87449 /* Controller.h */,
				A8A4CB301F2B406700B87449 /* Controller.m */,
				A8A4CB311F2B406700B87449 /* DataController.h */,
				A8A4CB321F2B406700B87449 /* DataController.m */,
				A8A4CB331F2B406700B87449 /* StatusController.h */,
				A8A4CB341F2B406700B87449 /* StatusController.m */,
			);
			path = Controller;
			sourceTree = "<group>";
		};
		A8A4CB351F2B406700B87449 /* Model */ = {
			isa = PBXGroup;
			children = (
				A8A4CB361F2B406700B87449 /* Database */,
				A8A4CB451F2B406700B87449 /* Network */,
			);
			path = Model;
			sourceTree = "<group>";
		};
		A8A4CB361F2B406700B87449 /* Database */ = {
			isa = PBXGroup;
			children = (
				A8A4CB371F2B406700B87449 /* Commands.h */,
				A8A4CB381F2B406700B87449 /* Commands.m */,
				A8A4CB391F2B406700B87449 /* DatabaseManager.h */,
				A8A4CB3A1F2B406700B87449 /* DatabaseManager.m */,
				A8A4CB3B1F2B406700B87449 /* DateHelper.h */,
				A8A4CB3C1F2B406700B87449 /* DateHelper.m */,
				A8A4CB3D1F2B406700B87449 /* InsertCommands.h */,
				A8A4CB3E1F2B406700B87449 /* InsertCommands.m */,
				A8A4CB3F1F2B406700B87449 /* SelectCommands.h */,
				A8A4CB401F2B406700B87449 /* SelectCommands.m */,
				A8A4CB411F2B406700B87449 /* TableCommands.h */,
				A8A4CB421F2B406700B87449 /* TableCommands.m */,
				A8A4CB431F2B406700B87449 /* UpdateCommands.h */,
				A8A4CB441F2B406700B87449 /* UpdateCommands.m */,
			);
			path = Database;
			sourceTree = "<group>";
		};
		A8A4CB451F2B406700B87449 /* Network */ = {
			isa = PBXGroup;
			children = (
				A8A4CB461F2B406700B87449 /* NetworkUtility.h */,
				A8A4CB471F2B406700B87449 /* NetworkUtility.m */,
				A8A4CB481F2B406700B87449 /* Reachability.h */,
				A8A4CB491F2B406700B87449 /* Reachability.m */,
				A8A4CB4A1F2B406700B87449 /* WalgreensAPI.h */,
				A8A4CB4B1F2B406700B87449 /* WalgreensAPI.m */,
			);
			path = Network;
			sourceTree = "<group>";
		};
		A8A4CB4C1F2B406700B87449 /* View */ = {
			isa = PBXGroup;
			children = (
				A8A4CB4D1F2B406700B87449 /* Input.h */,
				A8A4CB4E1F2B406700B87449 /* Input.m */,
				A8A4CB4F1F2B406700B87449 /* main.m */,
			);
			path = View;
			sourceTree = "<group>";
		};
		A8A4CB5F1F2B433200B87449 /* Backend */ = {
			isa = PBXGroup;
			children = (
				A8A4CB611F2B46E000B87449 /* Models */,
			);
			name = Backend;
			path = Common/Backend;
			sourceTree = "<group>";
		};
		A8A4CB611F2B46E000B87449 /* Models */ = {
			isa = PBXGroup;
			children = (
				A80E8A121F2BD0D100A92BFB /* DatabaseManagerApp.h */,
				A80E8A131F2BD0DF00A92BFB /* DatabaseManagerApp.m */,
			);
			path = Models;
			sourceTree = "<group>";
		};
/* End PBXGroup section */

/* Begin PBXNativeTarget section */
		3978F15A1EBEAF16001FD643 /* WalgreensDashboardAppTests */ = {
			isa = PBXNativeTarget;
			buildConfigurationList = 3978F1621EBEAF16001FD643 /* Build configuration list for PBXNativeTarget "WalgreensDashboardAppTests" */;
			buildPhases = (
				3978F1571EBEAF16001FD643 /* Sources */,
				3978F1581EBEAF16001FD643 /* Frameworks */,
				3978F1591EBEAF16001FD643 /* Resources */,
			);
			buildRules = (
			);
			dependencies = (
				3978F1611EBEAF16001FD643 /* PBXTargetDependency */,
			);
			name = WalgreensDashboardAppTests;
			productName = WalgreensDashboardAppTests;
			productReference = 3978F15B1EBEAF16001FD643 /* WalgreensDashboardAppTests.xctest */;
			productType = "com.apple.product-type.bundle.unit-test";
		};
		A842C7261EB023FB002ED089 /* WalgreensDashboardApp */ = {
			isa = PBXNativeTarget;
			buildConfigurationList = A842C73E1EB023FB002ED089 /* Build configuration list for PBXNativeTarget "WalgreensDashboardApp" */;
			buildPhases = (
				A842C7231EB023FB002ED089 /* Sources */,
				A842C7241EB023FB002ED089 /* Frameworks */,
				A842C7251EB023FB002ED089 /* Resources */,
			);
			buildRules = (
			);
			dependencies = (
			);
			name = WalgreensDashboardApp;
			productName = WalgreensDashboardMock;
			productReference = A842C7271EB023FB002ED089 /* WalgreensDashboardApp.app */;
			productType = "com.apple.product-type.application";
		};
/* End PBXNativeTarget section */

/* Begin PBXProject section */
		A842C71F1EB023FB002ED089 /* Project object */ = {
			isa = PBXProject;
			attributes = {
				LastUpgradeCheck = 0830;
				ORGANIZATIONNAME = "Sebastian Garbarek";
				TargetAttributes = {
					3978F15A1EBEAF16001FD643 = {
						CreatedOnToolsVersion = 8.3.2;
						ProvisioningStyle = Automatic;
						TestTargetID = A842C7261EB023FB002ED089;
					};
					A842C7261EB023FB002ED089 = {
						CreatedOnToolsVersion = 8.3.2;
						ProvisioningStyle = Automatic;
					};
				};
			};
			buildConfigurationList = A842C7221EB023FB002ED089 /* Build configuration list for PBXProject "WalgreensDashboardApp" */;
			compatibilityVersion = "Xcode 3.2";
			developmentRegion = English;
			hasScannedForEncodings = 0;
			knownRegions = (
				en,
				Base,
			);
			mainGroup = A842C71E1EB023FB002ED089;
			productRefGroup = A842C7281EB023FB002ED089 /* Products */;
			projectDirPath = "";
			projectRoot = "";
			targets = (
				A842C7261EB023FB002ED089 /* WalgreensDashboardApp */,
				3978F15A1EBEAF16001FD643 /* WalgreensDashboardAppTests */,
			);
		};
/* End PBXProject section */

/* Begin PBXResourcesBuildPhase section */
		3978F1591EBEAF16001FD643 /* Resources */ = {
			isa = PBXResourcesBuildPhase;
			buildActionMask = 2147483647;
			files = (
			);
			runOnlyForDeploymentPostprocessing = 0;
		};
		A842C7251EB023FB002ED089 /* Resources */ = {
			isa = PBXResourcesBuildPhase;
			buildActionMask = 2147483647;
			files = (
				A86A06831F2DA820005A0936 /* HomeView.storyboard in Resources */,
				A842C73A1EB023FB002ED089 /* LaunchScreen.storyboard in Resources */,
				A842C7371EB023FB002ED089 /* Assets.xcassets in Resources */,
				A86A06841F2DA820005A0936 /* OfflineView.storyboard in Resources */,
				A86A06851F2DA820005A0936 /* StoreView.storyboard in Resources */,
			);
			runOnlyForDeploymentPostprocessing = 0;
		};
/* End PBXResourcesBuildPhase section */

/* Begin PBXSourcesBuildPhase section */
		3978F1571EBEAF16001FD643 /* Sources */ = {
			isa = PBXSourcesBuildPhase;
			buildActionMask = 2147483647;
			files = (
			);
			runOnlyForDeploymentPostprocessing = 0;
		};
		A842C7231EB023FB002ED089 /* Sources */ = {
			isa = PBXSourcesBuildPhase;
			buildActionMask = 2147483647;
			files = (
				A8A4CB591F2B406700B87449 /* UpdateCommands.m in Sources */,
				A86A06C61F2DA863005A0936 /* OfflineCell.m in Sources */,
				A8A4CB571F2B406700B87449 /* SelectCommands.m in Sources */,
				A842C72F1EB023FB002ED089 /* AppDelegate.m in Sources */,
				A86A06B71F2DA850005A0936 /* HomeViewController.m in Sources */,
				A8A4CB501F2B406700B87449 /* Controller.m in Sources */,
				A8A4CB5A1F2B406700B87449 /* NetworkUtility.m in Sources */,
				A8A4CB551F2B406700B87449 /* DateHelper.m in Sources */,
				A8A4CB511F2B406700B87449 /* DataController.m in Sources */,
				A8A4CB521F2B406700B87449 /* StatusController.m in Sources */,
				A86A06B91F2DA850005A0936 /* StoreViewController.m in Sources */,
				A86A06C41F2DA863005A0936 /* StatusCell.m in Sources */,
				A8A4CB531F2B406700B87449 /* Commands.m in Sources */,
				A86A06C31F2DA863005A0936 /* ServerCell.m in Sources */,
				A8A4CB5B1F2B406700B87449 /* Reachability.m in Sources */,
				A86A06B81F2DA850005A0936 /* OfflineViewController.m in Sources */,
				A80E8A141F2BD0DF00A92BFB /* DatabaseManagerApp.m in Sources */,
				A8A4CB5D1F2B406700B87449 /* Input.m in Sources */,
				A8A4CB541F2B406700B87449 /* DatabaseManager.m in Sources */,
				A842C72C1EB023FB002ED089 /* main.m in Sources */,
				A8A4CB561F2B406700B87449 /* InsertCommands.m in Sources */,
				A86A06C51F2DA863005A0936 /* UpdateCell.m in Sources */,
				A8A4CB5C1F2B406700B87449 /* WalgreensAPI.m in Sources */,
				A8A4CB581F2B406700B87449 /* TableCommands.m in Sources */,
			);
			runOnlyForDeploymentPostprocessing = 0;
		};
/* End PBXSourcesBuildPhase section */

/* Begin PBXTargetDependency section */
		3978F1611EBEAF16001FD643 /* PBXTargetDependency */ = {
			isa = PBXTargetDependency;
			target = A842C7261EB023FB002ED089 /* WalgreensDashboardApp */;
			targetProxy = 3978F1601EBEAF16001FD643 /* PBXContainerItemProxy */;
		};
/* End PBXTargetDependency section */

/* Begin PBXVariantGroup section */
		A842C7381EB023FB002ED089 /* LaunchScreen.storyboard */ = {
			isa = PBXVariantGroup;
			children = (
				A842C7391EB023FB002ED089 /* Base */,
			);
			name = LaunchScreen.storyboard;
			path = ..;
			sourceTree = "<group>";
		};
/* End PBXVariantGroup section */

/* Begin XCBuildConfiguration section */
		3978F1631EBEAF16001FD643 /* Debug */ = {
			isa = XCBuildConfiguration;
			buildSettings = {
				BUNDLE_LOADER = "$(TEST_HOST)";
				"CODE_SIGN_IDENTITY[sdk=iphoneos*]" = "iPhone Developer";
				DEVELOPMENT_TEAM = "";
				INFOPLIST_FILE = WalgreensDashboardAppTests/Info.plist;
				LD_RUNPATH_SEARCH_PATHS = "$(inherited) @executable_path/Frameworks @loader_path/Frameworks";
				PRODUCT_BUNDLE_IDENTIFIER = nan.WalgreensDashboardAppTests;
				PRODUCT_NAME = "$(TARGET_NAME)";
				PROVISIONING_PROFILE_SPECIFIER = "";
				TEST_HOST = "$(BUILT_PRODUCTS_DIR)/WalgreensDashboardApp.app/WalgreensDashboardApp";
			};
			name = Debug;
		};
		3978F1641EBEAF16001FD643 /* Release */ = {
			isa = XCBuildConfiguration;
			buildSettings = {
				BUNDLE_LOADER = "$(TEST_HOST)";
				"CODE_SIGN_IDENTITY[sdk=iphoneos*]" = "iPhone Developer";
				DEVELOPMENT_TEAM = "";
				INFOPLIST_FILE = WalgreensDashboardAppTests/Info.plist;
				LD_RUNPATH_SEARCH_PATHS = "$(inherited) @executable_path/Frameworks @loader_path/Frameworks";
				PRODUCT_BUNDLE_IDENTIFIER = nan.WalgreensDashboardAppTests;
				PRODUCT_NAME = "$(TARGET_NAME)";
				PROVISIONING_PROFILE_SPECIFIER = "";
				TEST_HOST = "$(BUILT_PRODUCTS_DIR)/WalgreensDashboardApp.app/WalgreensDashboardApp";
			};
			name = Release;
		};
		A842C73C1EB023FB002ED089 /* Debug */ = {
			isa = XCBuildConfiguration;
			buildSettings = {
				ALWAYS_SEARCH_USER_PATHS = NO;
				CLANG_ANALYZER_NONNULL = YES;
				CLANG_ANALYZER_NUMBER_OBJECT_CONVERSION = YES_AGGRESSIVE;
				CLANG_CXX_LANGUAGE_STANDARD = "gnu++0x";
				CLANG_CXX_LIBRARY = "libc++";
				CLANG_ENABLE_MODULES = YES;
				CLANG_ENABLE_OBJC_ARC = YES;
				CLANG_WARN_BOOL_CONVERSION = YES;
				CLANG_WARN_CONSTANT_CONVERSION = YES;
				CLANG_WARN_DIRECT_OBJC_ISA_USAGE = YES_ERROR;
				CLANG_WARN_DOCUMENTATION_COMMENTS = YES;
				CLANG_WARN_EMPTY_BODY = YES;
				CLANG_WARN_ENUM_CONVERSION = YES;
				CLANG_WARN_INFINITE_RECURSION = YES;
				CLANG_WARN_INT_CONVERSION = YES;
				CLANG_WARN_OBJC_ROOT_CLASS = YES_ERROR;
				CLANG_WARN_SUSPICIOUS_MOVE = YES;
				CLANG_WARN_UNREACHABLE_CODE = YES;
				CLANG_WARN__DUPLICATE_METHOD_MATCH = YES;
				"CODE_SIGN_IDENTITY[sdk=iphoneos*]" = "iPhone Developer";
				COPY_PHASE_STRIP = NO;
				DEBUG_INFORMATION_FORMAT = dwarf;
				ENABLE_STRICT_OBJC_MSGSEND = YES;
				ENABLE_TESTABILITY = YES;
				GCC_C_LANGUAGE_STANDARD = gnu99;
				GCC_DYNAMIC_NO_PIC = NO;
				GCC_NO_COMMON_BLOCKS = YES;
				GCC_OPTIMIZATION_LEVEL = 0;
				GCC_PREPROCESSOR_DEFINITIONS = (
					"DEBUG=1",
					"$(inherited)",
				);
				GCC_WARN_64_TO_32_BIT_CONVERSION = YES;
				GCC_WARN_ABOUT_RETURN_TYPE = YES_ERROR;
				GCC_WARN_UNDECLARED_SELECTOR = YES;
				GCC_WARN_UNINITIALIZED_AUTOS = YES_AGGRESSIVE;
				GCC_WARN_UNUSED_FUNCTION = YES;
				GCC_WARN_UNUSED_VARIABLE = YES;
				IPHONEOS_DEPLOYMENT_TARGET = 10.3;
				MTL_ENABLE_DEBUG_INFO = YES;
				ONLY_ACTIVE_ARCH = YES;
				SDKROOT = iphoneos;
			};
			name = Debug;
		};
		A842C73D1EB023FB002ED089 /* Release */ = {
			isa = XCBuildConfiguration;
			buildSettings = {
				ALWAYS_SEARCH_USER_PATHS = NO;
				CLANG_ANALYZER_NONNULL = YES;
				CLANG_ANALYZER_NUMBER_OBJECT_CONVERSION = YES_AGGRESSIVE;
				CLANG_CXX_LANGUAGE_STANDARD = "gnu++0x";
				CLANG_CXX_LIBRARY = "libc++";
				CLANG_ENABLE_MODULES = YES;
				CLANG_ENABLE_OBJC_ARC = YES;
				CLANG_WARN_BOOL_CONVERSION = YES;
				CLANG_WARN_CONSTANT_CONVERSION = YES;
				CLANG_WARN_DIRECT_OBJC_ISA_USAGE = YES_ERROR;
				CLANG_WARN_DOCUMENTATION_COMMENTS = YES;
				CLANG_WARN_EMPTY_BODY = YES;
				CLANG_WARN_ENUM_CONVERSION = YES;
				CLANG_WARN_INFINITE_RECURSION = YES;
				CLANG_WARN_INT_CONVERSION = YES;
				CLANG_WARN_OBJC_ROOT_CLASS = YES_ERROR;
				CLANG_WARN_SUSPICIOUS_MOVE = YES;
				CLANG_WARN_UNREACHABLE_CODE = YES;
				CLANG_WARN__DUPLICATE_METHOD_MATCH = YES;
				"CODE_SIGN_IDENTITY[sdk=iphoneos*]" = "iPhone Developer";
				COPY_PHASE_STRIP = NO;
				DEBUG_INFORMATION_FORMAT = "dwarf-with-dsym";
				ENABLE_NS_ASSERTIONS = NO;
				ENABLE_STRICT_OBJC_MSGSEND = YES;
				GCC_C_LANGUAGE_STANDARD = gnu99;
				GCC_NO_COMMON_BLOCKS = YES;
				GCC_WARN_64_TO_32_BIT_CONVERSION = YES;
				GCC_WARN_ABOUT_RETURN_TYPE = YES_ERROR;
				GCC_WARN_UNDECLARED_SELECTOR = YES;
				GCC_WARN_UNINITIALIZED_AUTOS = YES_AGGRESSIVE;
				GCC_WARN_UNUSED_FUNCTION = YES;
				GCC_WARN_UNUSED_VARIABLE = YES;
				IPHONEOS_DEPLOYMENT_TARGET = 10.3;
				MTL_ENABLE_DEBUG_INFO = NO;
				SDKROOT = iphoneos;
				VALIDATE_PRODUCT = YES;
			};
			name = Release;
		};
		A842C73F1EB023FB002ED089 /* Debug */ = {
			isa = XCBuildConfiguration;
			buildSettings = {
				ASSETCATALOG_COMPILER_APPICON_NAME = AppIcon;
				DEVELOPMENT_TEAM = "";
				INFOPLIST_FILE = "$(SRCROOT)/WalgreensDashboardApp/Supporting Files/Info.plist";
				LD_RUNPATH_SEARCH_PATHS = "$(inherited) @executable_path/Frameworks";
				PRODUCT_BUNDLE_IDENTIFIER = com.walgreensdashboardappteam.WalgreensDashboardApp;
				PRODUCT_NAME = "$(TARGET_NAME)";
			};
			name = Debug;
		};
		A842C7401EB023FB002ED089 /* Release */ = {
			isa = XCBuildConfiguration;
			buildSettings = {
				ASSETCATALOG_COMPILER_APPICON_NAME = AppIcon;
				DEVELOPMENT_TEAM = "";
				INFOPLIST_FILE = "$(SRCROOT)/WalgreensDashboardApp/Supporting Files/Info.plist";
				LD_RUNPATH_SEARCH_PATHS = "$(inherited) @executable_path/Frameworks";
				PRODUCT_BUNDLE_IDENTIFIER = com.walgreensdashboardappteam.WalgreensDashboardApp;
				PRODUCT_NAME = "$(TARGET_NAME)";
			};
			name = Release;
		};
/* End XCBuildConfiguration section */

/* Begin XCConfigurationList section */
		3978F1621EBEAF16001FD643 /* Build configuration list for PBXNativeTarget "WalgreensDashboardAppTests" */ = {
			isa = XCConfigurationList;
			buildConfigurations = (
				3978F1631EBEAF16001FD643 /* Debug */,
				3978F1641EBEAF16001FD643 /* Release */,
			);
			defaultConfigurationIsVisible = 0;
			defaultConfigurationName = Release;
		};
		A842C7221EB023FB002ED089 /* Build configuration list for PBXProject "WalgreensDashboardApp" */ = {
			isa = XCConfigurationList;
			buildConfigurations = (
				A842C73C1EB023FB002ED089 /* Debug */,
				A842C73D1EB023FB002ED089 /* Release */,
			);
			defaultConfigurationIsVisible = 0;
			defaultConfigurationName = Release;
		};
		A842C73E1EB023FB002ED089 /* Build configuration list for PBXNativeTarget "WalgreensDashboardApp" */ = {
			isa = XCConfigurationList;
			buildConfigurations = (
				A842C73F1EB023FB002ED089 /* Debug */,
				A842C7401EB023FB002ED089 /* Release */,
			);
			defaultConfigurationIsVisible = 0;
			defaultConfigurationName = Release;
		};
/* End XCConfigurationList section */
	};
	rootObject = A842C71F1EB023FB002ED089 /* Project object */;
}
