// !$*UTF8*$!
{
	archiveVersion = 1;
	classes = {
	};
	objectVersion = 46;
	objects = {

/* Begin PBXBuildFile section */
		4E3749391F3EE491004DBD53 /* MapKit.framework in Frameworks */ = {isa = PBXBuildFile; fileRef = 4E3749381F3EE491004DBD53 /* MapKit.framework */; };
		7649FB6E2941621ED3FB9EEA /* Pods_WalgreensDashboardAppTests.framework in Frameworks */ = {isa = PBXBuildFile; fileRef = 5FAA2A7827A99CB66E52E48B /* Pods_WalgreensDashboardAppTests.framework */; };
		A80D3CEB1F3159AF00ED6BF2 /* walgreensapidb.sql in Resources */ = {isa = PBXBuildFile; fileRef = A86A06C71F2DC9D5005A0936 /* walgreensapidb.sql */; };
		A842C7371EB023FB002ED089 /* Assets.xcassets in Resources */ = {isa = PBXBuildFile; fileRef = A842C7361EB023FB002ED089 /* Assets.xcassets */; };
		A842C73A1EB023FB002ED089 /* LaunchScreen.storyboard in Resources */ = {isa = PBXBuildFile; fileRef = A842C7381EB023FB002ED089 /* LaunchScreen.storyboard */; };
		A85D90C11F96C15C00604683 /* OfflineHistoryController.m in Sources */ = {isa = PBXBuildFile; fileRef = A85D90C01F96C15C00604683 /* OfflineHistoryController.m */; };
		A85D90C51F96C53200604683 /* DatePickerCell.m in Sources */ = {isa = PBXBuildFile; fileRef = A85D90C41F96C53200604683 /* DatePickerCell.m */; };
		A85D90C81F96C54C00604683 /* OfflineHistoryCell.m in Sources */ = {isa = PBXBuildFile; fileRef = A85D90C71F96C54C00604683 /* OfflineHistoryCell.m */; };
		A85D90D11F96CCA800604683 /* Month.m in Sources */ = {isa = PBXBuildFile; fileRef = A85D90D01F96CCA800604683 /* Month.m */; };
		A85D90D51F96E19D00604683 /* StoreCell.m in Sources */ = {isa = PBXBuildFile; fileRef = A85D90D31F96E19D00604683 /* StoreCell.m */; };
		A85D90D81F970D0A00604683 /* OnlineTrendCell.m in Sources */ = {isa = PBXBuildFile; fileRef = A85D90D71F970D0A00604683 /* OnlineTrendCell.m */; };
		A86CF4E31F5CCADC005889B7 /* Main.storyboard in Resources */ = {isa = PBXBuildFile; fileRef = A86CF4E21F5CCADC005889B7 /* Main.storyboard */; };
		A86CF4E81F5CCD6E005889B7 /* StoreHistory.storyboard in Resources */ = {isa = PBXBuildFile; fileRef = A86CF4E71F5CCD6E005889B7 /* StoreHistory.storyboard */; };
		A86CF4EC1F5CCDB1005889B7 /* PrintProducts.storyboard in Resources */ = {isa = PBXBuildFile; fileRef = A86CF4EB1F5CCDB1005889B7 /* PrintProducts.storyboard */; };
		A86CF4EE1F5CCE40005889B7 /* Dashboard.storyboard in Resources */ = {isa = PBXBuildFile; fileRef = A86CF4ED1F5CCE40005889B7 /* Dashboard.storyboard */; };
		A86CF4F21F5CF437005889B7 /* DashboardController.m in Sources */ = {isa = PBXBuildFile; fileRef = A86CF4F11F5CF437005889B7 /* DashboardController.m */; };
		A86CF4F51F5CF475005889B7 /* ViewController.m in Sources */ = {isa = PBXBuildFile; fileRef = A86CF4F41F5CF475005889B7 /* ViewController.m */; };
		A86CF4F81F5CF6C9005889B7 /* TableViewController.m in Sources */ = {isa = PBXBuildFile; fileRef = A86CF4F71F5CF6C9005889B7 /* TableViewController.m */; };
		A86CF4F91F5CFC1A005889B7 /* DateHelper.m in Sources */ = {isa = PBXBuildFile; fileRef = A8E1E2011F4E58CE008DE876 /* DateHelper.m */; };
		A86CF4FA1F5CFC54005889B7 /* NetworkUtility.m in Sources */ = {isa = PBXBuildFile; fileRef = A8E09A4C1F4D45680063EEE4 /* NetworkUtility.m */; };
		A86CF4FB1F5CFC54005889B7 /* Reachability.m in Sources */ = {isa = PBXBuildFile; fileRef = A8E09A4E1F4D45680063EEE4 /* Reachability.m */; };
		A86CF4FC1F5CFC54005889B7 /* WalgreensAPI.m in Sources */ = {isa = PBXBuildFile; fileRef = A8E09A501F4D45680063EEE4 /* WalgreensAPI.m */; };
		A86CF4FD1F5CFC54005889B7 /* DatabaseManager.m in Sources */ = {isa = PBXBuildFile; fileRef = A8E09A551F4D45680063EEE4 /* DatabaseManager.m */; };
		A86CF4FE1F5CFC54005889B7 /* Commands.m in Sources */ = {isa = PBXBuildFile; fileRef = A8E09A531F4D45680063EEE4 /* Commands.m */; };
		A86CF4FF1F5CFC54005889B7 /* InsertCommands.m in Sources */ = {isa = PBXBuildFile; fileRef = A8E09A5B1F4D45680063EEE4 /* InsertCommands.m */; };
		A86CF5001F5CFC54005889B7 /* SelectCommands.m in Sources */ = {isa = PBXBuildFile; fileRef = A8E09A5D1F4D45680063EEE4 /* SelectCommands.m */; };
		A86CF5011F5CFC54005889B7 /* TableCommands.m in Sources */ = {isa = PBXBuildFile; fileRef = A8E09A5F1F4D45680063EEE4 /* TableCommands.m */; };
		A86CF5021F5CFC54005889B7 /* UpdateCommands.m in Sources */ = {isa = PBXBuildFile; fileRef = A8E09A611F4D45680063EEE4 /* UpdateCommands.m */; };
		A86CF5031F5CFC54005889B7 /* DatabaseManagerApp.m in Sources */ = {isa = PBXBuildFile; fileRef = A8E09A571F4D45680063EEE4 /* DatabaseManagerApp.m */; };
		A86CF5041F5CFC54005889B7 /* Controller.m in Sources */ = {isa = PBXBuildFile; fileRef = A8E09A441F4D45560063EEE4 /* Controller.m */; };
		A86CF5051F5CFC54005889B7 /* StatusController.m in Sources */ = {isa = PBXBuildFile; fileRef = A8E09A401F4D45560063EEE4 /* StatusController.m */; };
		A86CF5161F5D366C005889B7 /* StoreCategory.storyboard in Resources */ = {isa = PBXBuildFile; fileRef = A86CF5151F5D366C005889B7 /* StoreCategory.storyboard */; };
		A86CF51A1F5D37DB005889B7 /* StoreDetails.storyboard in Resources */ = {isa = PBXBuildFile; fileRef = A86CF5191F5D37DB005889B7 /* StoreDetails.storyboard */; };
		A86CF51E1F5D3F59005889B7 /* MapPin.m in Sources */ = {isa = PBXBuildFile; fileRef = A86CF51D1F5D3F59005889B7 /* MapPin.m */; };
		A86CF5211F5D3FA4005889B7 /* MapCell.m in Sources */ = {isa = PBXBuildFile; fileRef = A86CF5201F5D3FA4005889B7 /* MapCell.m */; };
		A86CF5241F5D4058005889B7 /* DetailCell.m in Sources */ = {isa = PBXBuildFile; fileRef = A86CF5231F5D4058005889B7 /* DetailCell.m */; };
		A86CF5271F5D40E9005889B7 /* StoreDetailsController.m in Sources */ = {isa = PBXBuildFile; fileRef = A86CF5261F5D40E9005889B7 /* StoreDetailsController.m */; };
		A86DE40D1F8AECDD00D3E486 /* DashboardCountCell.m in Sources */ = {isa = PBXBuildFile; fileRef = A86DE40C1F8AECDD00D3E486 /* DashboardCountCell.m */; };
		A86DE4111F8B008100D3E486 /* UIColor+AppTheme.m in Sources */ = {isa = PBXBuildFile; fileRef = A86DE4101F8B008100D3E486 /* UIColor+AppTheme.m */; };
		A89B0A231F8500C10016A698 /* ProductListController.m in Sources */ = {isa = PBXBuildFile; fileRef = A89B0A221F8500C10016A698 /* ProductListController.m */; };
		A89B0A261F85076F0016A698 /* ProductCell.m in Sources */ = {isa = PBXBuildFile; fileRef = A89B0A251F85076F0016A698 /* ProductCell.m */; };
		A89EA27F1F72477700A50E3B /* StoreTimesMapCell.m in Sources */ = {isa = PBXBuildFile; fileRef = A89EA27E1F72477700A50E3B /* StoreTimesMapCell.m */; };
		A89EA2851F726CF800A50E3B /* MessageCell.m in Sources */ = {isa = PBXBuildFile; fileRef = A89EA2841F726CF800A50E3B /* MessageCell.m */; };
		A8A166CF1F902B7300E3081C /* DashboardCountCellData.m in Sources */ = {isa = PBXBuildFile; fileRef = A8A166CE1F902B7300E3081C /* DashboardCountCellData.m */; };
		A8A1B8271F945B90004A0BC3 /* WalgreensAPIConstants.m in Sources */ = {isa = PBXBuildFile; fileRef = A8A1B8261F945B90004A0BC3 /* WalgreensAPIConstants.m */; };
		A8AE35591F7FB4600017C904 /* StoreTimeCell.m in Sources */ = {isa = PBXBuildFile; fileRef = A8AE35581F7FB4600017C904 /* StoreTimeCell.m */; };
		A8AE355D1F80CA6F0017C904 /* StoreHours.storyboard in Resources */ = {isa = PBXBuildFile; fileRef = A8AE355C1F80CA6F0017C904 /* StoreHours.storyboard */; };
		A8AE35641F80F1750017C904 /* StoreHoursController.m in Sources */ = {isa = PBXBuildFile; fileRef = A8AE35631F80F1750017C904 /* StoreHoursController.m */; };
		A8AE356E1F810AA00017C904 /* SingleLabelCell.m in Sources */ = {isa = PBXBuildFile; fileRef = A8AE356D1F810AA00017C904 /* SingleLabelCell.m */; };
		A8C1D31D1ED827EA00D34DD4 /* libsqlite3.tbd in Frameworks */ = {isa = PBXBuildFile; fileRef = A8C1D31C1ED827EA00D34DD4 /* libsqlite3.tbd */; };
		A8D891811F6B875100E3388B /* StoreStateController.m in Sources */ = {isa = PBXBuildFile; fileRef = A8D891801F6B875100E3388B /* StoreStateController.m */; };
		A8D891841F6BEBA100E3388B /* StoreCityController.m in Sources */ = {isa = PBXBuildFile; fileRef = A8D891831F6BEBA100E3388B /* StoreCityController.m */; };
		A8D891871F6CA9CA00E3388B /* StoreCategoryController.m in Sources */ = {isa = PBXBuildFile; fileRef = A8D891861F6CA9CA00E3388B /* StoreCategoryController.m */; };
		A8D8918A1F6CAC6E00E3388B /* MapController.m in Sources */ = {isa = PBXBuildFile; fileRef = A8D891891F6CAC6E00E3388B /* MapController.m */; };
		A8D8918D1F6D003C00E3388B /* DatabaseConstants.m in Sources */ = {isa = PBXBuildFile; fileRef = A8D8918C1F6D003B00E3388B /* DatabaseConstants.m */; };
		A8D891901F6D070A00E3388B /* Store.m in Sources */ = {isa = PBXBuildFile; fileRef = A8D8918F1F6D070A00E3388B /* Store.m */; };
		A8D891931F6E675200E3388B /* ClusterPin.m in Sources */ = {isa = PBXBuildFile; fileRef = A8D891921F6E675200E3388B /* ClusterPin.m */; };
		A8D891971F6F7A9500E3388B /* StoreTimes.m in Sources */ = {isa = PBXBuildFile; fileRef = A8D891961F6F7A9500E3388B /* StoreTimes.m */; };
		A8D891991F711B3B00E3388B /* StoreTimesTests.m in Sources */ = {isa = PBXBuildFile; fileRef = A8D891981F711B3B00E3388B /* StoreTimesTests.m */; };
		A8D8919C1F71F6B200E3388B /* StoreTimesConstants.m in Sources */ = {isa = PBXBuildFile; fileRef = A8D8919B1F71F6B200E3388B /* StoreTimesConstants.m */; };
		A8E1E2161F4E5ADE008DE876 /* main.m in Sources */ = {isa = PBXBuildFile; fileRef = A8E1E2111F4E5ADE008DE876 /* main.m */; };
		A8E1E2191F4E5ADE008DE876 /* AppDelegate.m in Sources */ = {isa = PBXBuildFile; fileRef = A8E1E2141F4E5ADE008DE876 /* AppDelegate.m */; };
		FD45EFD0CCED084D3801BDEF /* Pods_WalgreensDashboardApp.framework in Frameworks */ = {isa = PBXBuildFile; fileRef = B6E7F328C7136741CEF869F6 /* Pods_WalgreensDashboardApp.framework */; };
/* End PBXBuildFile section */

/* Begin PBXContainerItemProxy section */
		3978F1601EBEAF16001FD643 /* PBXContainerItemProxy */ = {
			isa = PBXContainerItemProxy;
			containerPortal = A842C71F1EB023FB002ED089 /* Project object */;
			proxyType = 1;
			remoteGlobalIDString = A842C7261EB023FB002ED089;
			remoteInfo = WalgreensDashboardApp;
		};
/* End PBXContainerItemProxy section */

/* Begin PBXCopyFilesBuildPhase section */
		4E3F0BB01F3D1E6900F1D22D /* Embed Frameworks */ = {
			isa = PBXCopyFilesBuildPhase;
			buildActionMask = 2147483647;
			dstPath = "";
			dstSubfolderSpec = 10;
			files = (
			);
			name = "Embed Frameworks";
			runOnlyForDeploymentPostprocessing = 0;
		};
/* End PBXCopyFilesBuildPhase section */

/* Begin PBXFileReference section */
		2CF0AFDCB79E639C41000337 /* Pods-WalgreensDashboardApp.release.xcconfig */ = {isa = PBXFileReference; includeInIndex = 1; lastKnownFileType = text.xcconfig; name = "Pods-WalgreensDashboardApp.release.xcconfig"; path = "Pods/Target Support Files/Pods-WalgreensDashboardApp/Pods-WalgreensDashboardApp.release.xcconfig"; sourceTree = "<group>"; };
		3978F15B1EBEAF16001FD643 /* WalgreensDashboardAppTests.xctest */ = {isa = PBXFileReference; explicitFileType = wrapper.cfbundle; includeInIndex = 0; path = WalgreensDashboardAppTests.xctest; sourceTree = BUILT_PRODUCTS_DIR; };
		3978F15F1EBEAF16001FD643 /* Info.plist */ = {isa = PBXFileReference; lastKnownFileType = text.plist.xml; path = Info.plist; sourceTree = "<group>"; };
		4E1C8E441F3E60FF00947604 /* YAxisFomatter.h */ = {isa = PBXFileReference; fileEncoding = 4; lastKnownFileType = sourcecode.c.h; path = YAxisFomatter.h; sourceTree = "<group>"; };
		4E1C8E451F3E60FF00947604 /* YAxisFomatter.m */ = {isa = PBXFileReference; fileEncoding = 4; lastKnownFileType = sourcecode.c.objc; path = YAxisFomatter.m; sourceTree = "<group>"; };
		4E1C8E471F3E758600947604 /* SetValueFormatter.h */ = {isa = PBXFileReference; fileEncoding = 4; lastKnownFileType = sourcecode.c.h; path = SetValueFormatter.h; sourceTree = "<group>"; };
		4E1C8E481F3E758600947604 /* SetValueFormatter.m */ = {isa = PBXFileReference; fileEncoding = 4; lastKnownFileType = sourcecode.c.objc; path = SetValueFormatter.m; sourceTree = "<group>"; };
		4E1C8E4B1F3E998200947604 /* ChartsView.h */ = {isa = PBXFileReference; fileEncoding = 4; lastKnownFileType = sourcecode.c.h; path = ChartsView.h; sourceTree = "<group>"; };
		4E1C8E4C1F3E998200947604 /* ChartsView.m */ = {isa = PBXFileReference; fileEncoding = 4; lastKnownFileType = sourcecode.c.objc; path = ChartsView.m; sourceTree = "<group>"; };
		4E3749381F3EE491004DBD53 /* MapKit.framework */ = {isa = PBXFileReference; lastKnownFileType = wrapper.framework; name = MapKit.framework; path = System/Library/Frameworks/MapKit.framework; sourceTree = SDKROOT; };
		4E3749431F3EEC1F004DBD53 /* DetailViewController.h */ = {isa = PBXFileReference; fileEncoding = 4; lastKnownFileType = sourcecode.c.h; path = DetailViewController.h; sourceTree = "<group>"; };
		4E3749441F3EEC1F004DBD53 /* DetailViewController.m */ = {isa = PBXFileReference; fileEncoding = 4; lastKnownFileType = sourcecode.c.objc; path = DetailViewController.m; sourceTree = "<group>"; };
		58F71D457A8E5549B6DB1252 /* Pods-WalgreensDashboardApp.debug.xcconfig */ = {isa = PBXFileReference; includeInIndex = 1; lastKnownFileType = text.xcconfig; name = "Pods-WalgreensDashboardApp.debug.xcconfig"; path = "Pods/Target Support Files/Pods-WalgreensDashboardApp/Pods-WalgreensDashboardApp.debug.xcconfig"; sourceTree = "<group>"; };
		5FAA2A7827A99CB66E52E48B /* Pods_WalgreensDashboardAppTests.framework */ = {isa = PBXFileReference; explicitFileType = wrapper.framework; includeInIndex = 0; path = Pods_WalgreensDashboardAppTests.framework; sourceTree = BUILT_PRODUCTS_DIR; };
		A8074F501F58EA3C00C4406C /* UIViewController+DateTransition.m */ = {isa = PBXFileReference; fileEncoding = 4; lastKnownFileType = sourcecode.c.objc; path = "UIViewController+DateTransition.m"; sourceTree = "<group>"; };
		A8074F521F58EA4C00C4406C /* UIViewController+DateTransition.h */ = {isa = PBXFileReference; lastKnownFileType = sourcecode.c.h; path = "UIViewController+DateTransition.h"; sourceTree = "<group>"; };
		A842C7271EB023FB002ED089 /* WalgreensDashboardApp.app */ = {isa = PBXFileReference; explicitFileType = wrapper.application; includeInIndex = 0; path = WalgreensDashboardApp.app; sourceTree = BUILT_PRODUCTS_DIR; };
		A842C7361EB023FB002ED089 /* Assets.xcassets */ = {isa = PBXFileReference; lastKnownFileType = folder.assetcatalog; name = Assets.xcassets; path = Resources/Assets.xcassets; sourceTree = "<group>"; };
		A842C7391EB023FB002ED089 /* Base */ = {isa = PBXFileReference; lastKnownFileType = file.storyboard; name = Base; path = Base.lproj/LaunchScreen.storyboard; sourceTree = "<group>"; };
		A85D90BF1F96C15C00604683 /* OfflineHistoryController.h */ = {isa = PBXFileReference; fileEncoding = 4; lastKnownFileType = sourcecode.c.h; path = OfflineHistoryController.h; sourceTree = "<group>"; };
		A85D90C01F96C15C00604683 /* OfflineHistoryController.m */ = {isa = PBXFileReference; fileEncoding = 4; lastKnownFileType = sourcecode.c.objc; path = OfflineHistoryController.m; sourceTree = "<group>"; };
		A85D90C31F96C53200604683 /* DatePickerCell.h */ = {isa = PBXFileReference; fileEncoding = 4; lastKnownFileType = sourcecode.c.h; path = DatePickerCell.h; sourceTree = "<group>"; };
		A85D90C41F96C53200604683 /* DatePickerCell.m */ = {isa = PBXFileReference; fileEncoding = 4; lastKnownFileType = sourcecode.c.objc; path = DatePickerCell.m; sourceTree = "<group>"; };
		A85D90C61F96C54C00604683 /* OfflineHistoryCell.h */ = {isa = PBXFileReference; fileEncoding = 4; lastKnownFileType = sourcecode.c.h; path = OfflineHistoryCell.h; sourceTree = "<group>"; };
		A85D90C71F96C54C00604683 /* OfflineHistoryCell.m */ = {isa = PBXFileReference; fileEncoding = 4; lastKnownFileType = sourcecode.c.objc; path = OfflineHistoryCell.m; sourceTree = "<group>"; };
		A85D90CD1F96CBBD00604683 /* DatePickerDelegate.h */ = {isa = PBXFileReference; lastKnownFileType = sourcecode.c.h; path = DatePickerDelegate.h; sourceTree = "<group>"; };
		A85D90CF1F96CC9800604683 /* Month.h */ = {isa = PBXFileReference; lastKnownFileType = sourcecode.c.h; path = Month.h; sourceTree = "<group>"; };
		A85D90D01F96CCA800604683 /* Month.m */ = {isa = PBXFileReference; fileEncoding = 4; lastKnownFileType = sourcecode.c.objc; path = Month.m; sourceTree = "<group>"; };
		A85D90D31F96E19D00604683 /* StoreCell.m */ = {isa = PBXFileReference; fileEncoding = 4; lastKnownFileType = sourcecode.c.objc; path = StoreCell.m; sourceTree = "<group>"; };
		A85D90D41F96E19D00604683 /* StoreCell.h */ = {isa = PBXFileReference; fileEncoding = 4; lastKnownFileType = sourcecode.c.h; path = StoreCell.h; sourceTree = "<group>"; };
		A85D90D61F970D0A00604683 /* OnlineTrendCell.h */ = {isa = PBXFileReference; fileEncoding = 4; lastKnownFileType = sourcecode.c.h; path = OnlineTrendCell.h; sourceTree = "<group>"; };
		A85D90D71F970D0A00604683 /* OnlineTrendCell.m */ = {isa = PBXFileReference; fileEncoding = 4; lastKnownFileType = sourcecode.c.objc; path = OnlineTrendCell.m; sourceTree = "<group>"; };
		A86A06B11F2DA850005A0936 /* UpdateTableViewController.h */ = {isa = PBXFileReference; fileEncoding = 4; lastKnownFileType = sourcecode.c.h; path = UpdateTableViewController.h; sourceTree = "<group>"; };
		A86A06B21F2DA850005A0936 /* UpdateTableViewController.m */ = {isa = PBXFileReference; fileEncoding = 4; lastKnownFileType = sourcecode.c.objc; path = UpdateTableViewController.m; sourceTree = "<group>"; };
		A86A06C71F2DC9D5005A0936 /* walgreensapidb.sql */ = {isa = PBXFileReference; lastKnownFileType = file; path = walgreensapidb.sql; sourceTree = "<group>"; };
		A86CF4E21F5CCADC005889B7 /* Main.storyboard */ = {isa = PBXFileReference; fileEncoding = 4; lastKnownFileType = file.storyboard; path = Main.storyboard; sourceTree = "<group>"; };
		A86CF4E71F5CCD6E005889B7 /* StoreHistory.storyboard */ = {isa = PBXFileReference; fileEncoding = 4; lastKnownFileType = file.storyboard; path = StoreHistory.storyboard; sourceTree = "<group>"; };
		A86CF4EB1F5CCDB1005889B7 /* PrintProducts.storyboard */ = {isa = PBXFileReference; fileEncoding = 4; lastKnownFileType = file.storyboard; path = PrintProducts.storyboard; sourceTree = "<group>"; };
		A86CF4ED1F5CCE40005889B7 /* Dashboard.storyboard */ = {isa = PBXFileReference; fileEncoding = 4; lastKnownFileType = file.storyboard; path = Dashboard.storyboard; sourceTree = "<group>"; };
		A86CF4F01F5CF437005889B7 /* DashboardController.h */ = {isa = PBXFileReference; fileEncoding = 4; lastKnownFileType = sourcecode.c.h; path = DashboardController.h; sourceTree = "<group>"; };
		A86CF4F11F5CF437005889B7 /* DashboardController.m */ = {isa = PBXFileReference; fileEncoding = 4; lastKnownFileType = sourcecode.c.objc; path = DashboardController.m; sourceTree = "<group>"; };
		A86CF4F31F5CF475005889B7 /* ViewController.h */ = {isa = PBXFileReference; fileEncoding = 4; lastKnownFileType = sourcecode.c.h; path = ViewController.h; sourceTree = "<group>"; };
		A86CF4F41F5CF475005889B7 /* ViewController.m */ = {isa = PBXFileReference; fileEncoding = 4; lastKnownFileType = sourcecode.c.objc; path = ViewController.m; sourceTree = "<group>"; };
		A86CF4F61F5CF6C9005889B7 /* TableViewController.h */ = {isa = PBXFileReference; fileEncoding = 4; lastKnownFileType = sourcecode.c.h; path = TableViewController.h; sourceTree = "<group>"; };
		A86CF4F71F5CF6C9005889B7 /* TableViewController.m */ = {isa = PBXFileReference; fileEncoding = 4; lastKnownFileType = sourcecode.c.objc; path = TableViewController.m; sourceTree = "<group>"; };
		A86CF5151F5D366C005889B7 /* StoreCategory.storyboard */ = {isa = PBXFileReference; fileEncoding = 4; lastKnownFileType = file.storyboard; path = StoreCategory.storyboard; sourceTree = "<group>"; };
		A86CF5191F5D37DB005889B7 /* StoreDetails.storyboard */ = {isa = PBXFileReference; fileEncoding = 4; lastKnownFileType = file.storyboard; path = StoreDetails.storyboard; sourceTree = "<group>"; };
		A86CF51C1F5D3F59005889B7 /* MapPin.h */ = {isa = PBXFileReference; fileEncoding = 4; lastKnownFileType = sourcecode.c.h; path = MapPin.h; sourceTree = "<group>"; };
		A86CF51D1F5D3F59005889B7 /* MapPin.m */ = {isa = PBXFileReference; fileEncoding = 4; lastKnownFileType = sourcecode.c.objc; path = MapPin.m; sourceTree = "<group>"; };
		A86CF51F1F5D3FA4005889B7 /* MapCell.h */ = {isa = PBXFileReference; fileEncoding = 4; lastKnownFileType = sourcecode.c.h; path = MapCell.h; sourceTree = "<group>"; };
		A86CF5201F5D3FA4005889B7 /* MapCell.m */ = {isa = PBXFileReference; fileEncoding = 4; lastKnownFileType = sourcecode.c.objc; path = MapCell.m; sourceTree = "<group>"; };
		A86CF5221F5D4058005889B7 /* DetailCell.h */ = {isa = PBXFileReference; fileEncoding = 4; lastKnownFileType = sourcecode.c.h; path = DetailCell.h; sourceTree = "<group>"; };
		A86CF5231F5D4058005889B7 /* DetailCell.m */ = {isa = PBXFileReference; fileEncoding = 4; lastKnownFileType = sourcecode.c.objc; path = DetailCell.m; sourceTree = "<group>"; };
		A86CF5251F5D40E9005889B7 /* StoreDetailsController.h */ = {isa = PBXFileReference; fileEncoding = 4; lastKnownFileType = sourcecode.c.h; path = StoreDetailsController.h; sourceTree = "<group>"; };
		A86CF5261F5D40E9005889B7 /* StoreDetailsController.m */ = {isa = PBXFileReference; fileEncoding = 4; lastKnownFileType = sourcecode.c.objc; path = StoreDetailsController.m; sourceTree = "<group>"; };
		A86DE40B1F8AECDD00D3E486 /* DashboardCountCell.h */ = {isa = PBXFileReference; fileEncoding = 4; lastKnownFileType = sourcecode.c.h; path = DashboardCountCell.h; sourceTree = "<group>"; };
		A86DE40C1F8AECDD00D3E486 /* DashboardCountCell.m */ = {isa = PBXFileReference; fileEncoding = 4; lastKnownFileType = sourcecode.c.objc; path = DashboardCountCell.m; sourceTree = "<group>"; };
		A86DE40F1F8B002C00D3E486 /* UIColor+AppTheme.h */ = {isa = PBXFileReference; lastKnownFileType = sourcecode.c.h; path = "UIColor+AppTheme.h"; sourceTree = "<group>"; };
		A86DE4101F8B008100D3E486 /* UIColor+AppTheme.m */ = {isa = PBXFileReference; fileEncoding = 4; lastKnownFileType = sourcecode.c.objc; path = "UIColor+AppTheme.m"; sourceTree = "<group>"; };
		A88A79871F2F151700C99BFD /* OfflineCell.h */ = {isa = PBXFileReference; fileEncoding = 4; lastKnownFileType = sourcecode.c.h; path = OfflineCell.h; sourceTree = "<group>"; };
		A88A79881F2F151700C99BFD /* OfflineCell.m */ = {isa = PBXFileReference; fileEncoding = 4; lastKnownFileType = sourcecode.c.objc; path = OfflineCell.m; sourceTree = "<group>"; };
		A88A798E1F2F343900C99BFD /* HistoryTableViewController.h */ = {isa = PBXFileReference; fileEncoding = 4; lastKnownFileType = sourcecode.c.h; path = HistoryTableViewController.h; sourceTree = "<group>"; };
		A88A798F1F2F343900C99BFD /* HistoryTableViewController.m */ = {isa = PBXFileReference; fileEncoding = 4; lastKnownFileType = sourcecode.c.objc; path = HistoryTableViewController.m; sourceTree = "<group>"; };
		A88A79921F2F41AE00C99BFD /* OfflineTableViewController.h */ = {isa = PBXFileReference; fileEncoding = 4; lastKnownFileType = sourcecode.c.h; path = OfflineTableViewController.h; sourceTree = "<group>"; };
		A88A79931F2F41AE00C99BFD /* OfflineTableViewController.m */ = {isa = PBXFileReference; fileEncoding = 4; lastKnownFileType = sourcecode.c.objc; path = OfflineTableViewController.m; sourceTree = "<group>"; };
		A89B0A211F8500C10016A698 /* ProductListController.h */ = {isa = PBXFileReference; lastKnownFileType = sourcecode.c.h; path = ProductListController.h; sourceTree = "<group>"; };
		A89B0A221F8500C10016A698 /* ProductListController.m */ = {isa = PBXFileReference; lastKnownFileType = sourcecode.c.objc; path = ProductListController.m; sourceTree = "<group>"; };
		A89B0A241F85076F0016A698 /* ProductCell.h */ = {isa = PBXFileReference; lastKnownFileType = sourcecode.c.h; path = ProductCell.h; sourceTree = "<group>"; };
		A89B0A251F85076F0016A698 /* ProductCell.m */ = {isa = PBXFileReference; lastKnownFileType = sourcecode.c.objc; path = ProductCell.m; sourceTree = "<group>"; };
		A89EA27D1F72477700A50E3B /* StoreTimesMapCell.h */ = {isa = PBXFileReference; fileEncoding = 4; lastKnownFileType = sourcecode.c.h; name = StoreTimesMapCell.h; path = Main/StoreTimesMapCell.h; sourceTree = "<group>"; };
		A89EA27E1F72477700A50E3B /* StoreTimesMapCell.m */ = {isa = PBXFileReference; fileEncoding = 4; lastKnownFileType = sourcecode.c.objc; name = StoreTimesMapCell.m; path = Main/StoreTimesMapCell.m; sourceTree = "<group>"; };
		A89EA2801F72661D00A50E3B /* SegueProtocol.h */ = {isa = PBXFileReference; lastKnownFileType = sourcecode.c.h; path = SegueProtocol.h; sourceTree = "<group>"; };
		A89EA2831F726CF800A50E3B /* MessageCell.h */ = {isa = PBXFileReference; fileEncoding = 4; lastKnownFileType = sourcecode.c.h; path = MessageCell.h; sourceTree = "<group>"; };
		A89EA2841F726CF800A50E3B /* MessageCell.m */ = {isa = PBXFileReference; fileEncoding = 4; lastKnownFileType = sourcecode.c.objc; path = MessageCell.m; sourceTree = "<group>"; };
		A8A166CD1F902AF800E3081C /* DashboardCountCellData.h */ = {isa = PBXFileReference; lastKnownFileType = sourcecode.c.h; path = DashboardCountCellData.h; sourceTree = "<group>"; };
		A8A166CE1F902B7300E3081C /* DashboardCountCellData.m */ = {isa = PBXFileReference; fileEncoding = 4; lastKnownFileType = sourcecode.c.objc; path = DashboardCountCellData.m; sourceTree = "<group>"; };
		A8A1B8241F942DD3004A0BC3 /* WalgreensAPIDelegate.h */ = {isa = PBXFileReference; lastKnownFileType = sourcecode.c.h; path = WalgreensAPIDelegate.h; sourceTree = "<group>"; };
		A8A1B8251F945B81004A0BC3 /* WalgreensAPIConstants.h */ = {isa = PBXFileReference; lastKnownFileType = sourcecode.c.h; path = WalgreensAPIConstants.h; sourceTree = "<group>"; };
		A8A1B8261F945B90004A0BC3 /* WalgreensAPIConstants.m */ = {isa = PBXFileReference; fileEncoding = 4; lastKnownFileType = sourcecode.c.objc; path = WalgreensAPIConstants.m; sourceTree = "<group>"; };
		A8AE35571F7FB4600017C904 /* StoreTimeCell.h */ = {isa = PBXFileReference; fileEncoding = 4; lastKnownFileType = sourcecode.c.h; path = StoreTimeCell.h; sourceTree = "<group>"; };
		A8AE35581F7FB4600017C904 /* StoreTimeCell.m */ = {isa = PBXFileReference; fileEncoding = 4; lastKnownFileType = sourcecode.c.objc; path = StoreTimeCell.m; sourceTree = "<group>"; };
		A8AE355C1F80CA6F0017C904 /* StoreHours.storyboard */ = {isa = PBXFileReference; fileEncoding = 4; lastKnownFileType = file.storyboard; name = StoreHours.storyboard; path = "WalgreensDashboardApp/Common/Frontend/Controllers/Store Details/StoreHours.storyboard"; sourceTree = SOURCE_ROOT; };
		A8AE35621F80F1750017C904 /* StoreHoursController.h */ = {isa = PBXFileReference; fileEncoding = 4; lastKnownFileType = sourcecode.c.h; path = StoreHoursController.h; sourceTree = "<group>"; };
		A8AE35631F80F1750017C904 /* StoreHoursController.m */ = {isa = PBXFileReference; fileEncoding = 4; lastKnownFileType = sourcecode.c.objc; path = StoreHoursController.m; sourceTree = "<group>"; };
		A8AE356C1F810AA00017C904 /* SingleLabelCell.h */ = {isa = PBXFileReference; fileEncoding = 4; lastKnownFileType = sourcecode.c.h; path = SingleLabelCell.h; sourceTree = "<group>"; };
		A8AE356D1F810AA00017C904 /* SingleLabelCell.m */ = {isa = PBXFileReference; fileEncoding = 4; lastKnownFileType = sourcecode.c.objc; path = SingleLabelCell.m; sourceTree = "<group>"; };
		A8B5AD481F3AEE2D0040A2E8 /* NSMutableArray+Stack.h */ = {isa = PBXFileReference; lastKnownFileType = sourcecode.c.h; path = "NSMutableArray+Stack.h"; sourceTree = "<group>"; };
		A8B5AD491F3AEE440040A2E8 /* NSMutableArray+Stack.m */ = {isa = PBXFileReference; fileEncoding = 4; lastKnownFileType = sourcecode.c.objc; path = "NSMutableArray+Stack.m"; sourceTree = "<group>"; };
		A8C1D31C1ED827EA00D34DD4 /* libsqlite3.tbd */ = {isa = PBXFileReference; lastKnownFileType = "sourcecode.text-based-dylib-definition"; name = libsqlite3.tbd; path = usr/lib/libsqlite3.tbd; sourceTree = SDKROOT; };
		A8D8917F1F6B875100E3388B /* StoreStateController.h */ = {isa = PBXFileReference; fileEncoding = 4; lastKnownFileType = sourcecode.c.h; path = StoreStateController.h; sourceTree = "<group>"; };
		A8D891801F6B875100E3388B /* StoreStateController.m */ = {isa = PBXFileReference; fileEncoding = 4; lastKnownFileType = sourcecode.c.objc; path = StoreStateController.m; sourceTree = "<group>"; };
		A8D891821F6BEBA100E3388B /* StoreCityController.h */ = {isa = PBXFileReference; fileEncoding = 4; lastKnownFileType = sourcecode.c.h; path = StoreCityController.h; sourceTree = "<group>"; };
		A8D891831F6BEBA100E3388B /* StoreCityController.m */ = {isa = PBXFileReference; fileEncoding = 4; lastKnownFileType = sourcecode.c.objc; path = StoreCityController.m; sourceTree = "<group>"; };
		A8D891851F6CA9CA00E3388B /* StoreCategoryController.h */ = {isa = PBXFileReference; fileEncoding = 4; lastKnownFileType = sourcecode.c.h; path = StoreCategoryController.h; sourceTree = "<group>"; };
		A8D891861F6CA9CA00E3388B /* StoreCategoryController.m */ = {isa = PBXFileReference; fileEncoding = 4; lastKnownFileType = sourcecode.c.objc; path = StoreCategoryController.m; sourceTree = "<group>"; };
		A8D891881F6CAC6E00E3388B /* MapController.h */ = {isa = PBXFileReference; fileEncoding = 4; lastKnownFileType = sourcecode.c.h; path = MapController.h; sourceTree = "<group>"; };
		A8D891891F6CAC6E00E3388B /* MapController.m */ = {isa = PBXFileReference; fileEncoding = 4; lastKnownFileType = sourcecode.c.objc; path = MapController.m; sourceTree = "<group>"; };
		A8D8918B1F6CFDBD00E3388B /* DatabaseConstants.h */ = {isa = PBXFileReference; lastKnownFileType = sourcecode.c.h; path = DatabaseConstants.h; sourceTree = "<group>"; };
		A8D8918C1F6D003B00E3388B /* DatabaseConstants.m */ = {isa = PBXFileReference; fileEncoding = 4; lastKnownFileType = sourcecode.c.objc; path = DatabaseConstants.m; sourceTree = "<group>"; };
		A8D8918E1F6D06F900E3388B /* Store.h */ = {isa = PBXFileReference; lastKnownFileType = sourcecode.c.h; path = Store.h; sourceTree = "<group>"; };
		A8D8918F1F6D070A00E3388B /* Store.m */ = {isa = PBXFileReference; fileEncoding = 4; lastKnownFileType = sourcecode.c.objc; path = Store.m; sourceTree = "<group>"; };
		A8D891911F6E673B00E3388B /* ClusterPin.h */ = {isa = PBXFileReference; lastKnownFileType = sourcecode.c.h; path = ClusterPin.h; sourceTree = "<group>"; };
		A8D891921F6E675200E3388B /* ClusterPin.m */ = {isa = PBXFileReference; fileEncoding = 4; lastKnownFileType = sourcecode.c.objc; path = ClusterPin.m; sourceTree = "<group>"; };
		A8D891951F6F7A8500E3388B /* StoreTimes.h */ = {isa = PBXFileReference; lastKnownFileType = sourcecode.c.h; path = StoreTimes.h; sourceTree = "<group>"; };
		A8D891961F6F7A9500E3388B /* StoreTimes.m */ = {isa = PBXFileReference; fileEncoding = 4; lastKnownFileType = sourcecode.c.objc; path = StoreTimes.m; sourceTree = "<group>"; };
		A8D891981F711B3B00E3388B /* StoreTimesTests.m */ = {isa = PBXFileReference; fileEncoding = 4; lastKnownFileType = sourcecode.c.objc; path = StoreTimesTests.m; sourceTree = "<group>"; };
		A8D8919A1F71F6A000E3388B /* StoreTimesConstants.h */ = {isa = PBXFileReference; lastKnownFileType = sourcecode.c.h; path = StoreTimesConstants.h; sourceTree = "<group>"; };
		A8D8919B1F71F6B200E3388B /* StoreTimesConstants.m */ = {isa = PBXFileReference; fileEncoding = 4; lastKnownFileType = sourcecode.c.objc; path = StoreTimesConstants.m; sourceTree = "<group>"; };
		A8E09A401F4D45560063EEE4 /* StatusController.m */ = {isa = PBXFileReference; fileEncoding = 4; lastKnownFileType = sourcecode.c.objc; path = StatusController.m; sourceTree = "<group>"; };
		A8E09A411F4D45560063EEE4 /* StatusController.h */ = {isa = PBXFileReference; fileEncoding = 4; lastKnownFileType = sourcecode.c.h; path = StatusController.h; sourceTree = "<group>"; };
		A8E09A441F4D45560063EEE4 /* Controller.m */ = {isa = PBXFileReference; fileEncoding = 4; lastKnownFileType = sourcecode.c.objc; path = Controller.m; sourceTree = "<group>"; };
		A8E09A451F4D45560063EEE4 /* Controller.h */ = {isa = PBXFileReference; fileEncoding = 4; lastKnownFileType = sourcecode.c.h; path = Controller.h; sourceTree = "<group>"; };
		A8E09A4B1F4D45680063EEE4 /* NetworkUtility.h */ = {isa = PBXFileReference; fileEncoding = 4; lastKnownFileType = sourcecode.c.h; path = NetworkUtility.h; sourceTree = "<group>"; };
		A8E09A4C1F4D45680063EEE4 /* NetworkUtility.m */ = {isa = PBXFileReference; fileEncoding = 4; lastKnownFileType = sourcecode.c.objc; path = NetworkUtility.m; sourceTree = "<group>"; };
		A8E09A4D1F4D45680063EEE4 /* Reachability.h */ = {isa = PBXFileReference; fileEncoding = 4; lastKnownFileType = sourcecode.c.h; path = Reachability.h; sourceTree = "<group>"; };
		A8E09A4E1F4D45680063EEE4 /* Reachability.m */ = {isa = PBXFileReference; fileEncoding = 4; lastKnownFileType = sourcecode.c.objc; path = Reachability.m; sourceTree = "<group>"; };
		A8E09A4F1F4D45680063EEE4 /* WalgreensAPI.h */ = {isa = PBXFileReference; fileEncoding = 4; lastKnownFileType = sourcecode.c.h; path = WalgreensAPI.h; sourceTree = "<group>"; };
		A8E09A501F4D45680063EEE4 /* WalgreensAPI.m */ = {isa = PBXFileReference; fileEncoding = 4; lastKnownFileType = sourcecode.c.objc; path = WalgreensAPI.m; sourceTree = "<group>"; };
		A8E09A521F4D45680063EEE4 /* Commands.h */ = {isa = PBXFileReference; fileEncoding = 4; lastKnownFileType = sourcecode.c.h; path = Commands.h; sourceTree = "<group>"; };
		A8E09A531F4D45680063EEE4 /* Commands.m */ = {isa = PBXFileReference; fileEncoding = 4; lastKnownFileType = sourcecode.c.objc; path = Commands.m; sourceTree = "<group>"; };
		A8E09A541F4D45680063EEE4 /* DatabaseManager.h */ = {isa = PBXFileReference; fileEncoding = 4; lastKnownFileType = sourcecode.c.h; path = DatabaseManager.h; sourceTree = "<group>"; };
		A8E09A551F4D45680063EEE4 /* DatabaseManager.m */ = {isa = PBXFileReference; fileEncoding = 4; lastKnownFileType = sourcecode.c.objc; path = DatabaseManager.m; sourceTree = "<group>"; };
		A8E09A561F4D45680063EEE4 /* DatabaseManagerApp.h */ = {isa = PBXFileReference; fileEncoding = 4; lastKnownFileType = sourcecode.c.h; path = DatabaseManagerApp.h; sourceTree = "<group>"; };
		A8E09A571F4D45680063EEE4 /* DatabaseManagerApp.m */ = {isa = PBXFileReference; fileEncoding = 4; lastKnownFileType = sourcecode.c.objc; path = DatabaseManagerApp.m; sourceTree = "<group>"; };
		A8E09A5A1F4D45680063EEE4 /* InsertCommands.h */ = {isa = PBXFileReference; fileEncoding = 4; lastKnownFileType = sourcecode.c.h; path = InsertCommands.h; sourceTree = "<group>"; };
		A8E09A5B1F4D45680063EEE4 /* InsertCommands.m */ = {isa = PBXFileReference; fileEncoding = 4; lastKnownFileType = sourcecode.c.objc; path = InsertCommands.m; sourceTree = "<group>"; };
		A8E09A5C1F4D45680063EEE4 /* SelectCommands.h */ = {isa = PBXFileReference; fileEncoding = 4; lastKnownFileType = sourcecode.c.h; path = SelectCommands.h; sourceTree = "<group>"; };
		A8E09A5D1F4D45680063EEE4 /* SelectCommands.m */ = {isa = PBXFileReference; fileEncoding = 4; lastKnownFileType = sourcecode.c.objc; path = SelectCommands.m; sourceTree = "<group>"; };
		A8E09A5E1F4D45680063EEE4 /* TableCommands.h */ = {isa = PBXFileReference; fileEncoding = 4; lastKnownFileType = sourcecode.c.h; path = TableCommands.h; sourceTree = "<group>"; };
		A8E09A5F1F4D45680063EEE4 /* TableCommands.m */ = {isa = PBXFileReference; fileEncoding = 4; lastKnownFileType = sourcecode.c.objc; path = TableCommands.m; sourceTree = "<group>"; };
		A8E09A601F4D45680063EEE4 /* UpdateCommands.h */ = {isa = PBXFileReference; fileEncoding = 4; lastKnownFileType = sourcecode.c.h; path = UpdateCommands.h; sourceTree = "<group>"; };
		A8E09A611F4D45680063EEE4 /* UpdateCommands.m */ = {isa = PBXFileReference; fileEncoding = 4; lastKnownFileType = sourcecode.c.objc; path = UpdateCommands.m; sourceTree = "<group>"; };
		A8E1E2011F4E58CE008DE876 /* DateHelper.m */ = {isa = PBXFileReference; fileEncoding = 4; lastKnownFileType = sourcecode.c.objc; path = DateHelper.m; sourceTree = "<group>"; };
		A8E1E2021F4E58CE008DE876 /* DateHelper.h */ = {isa = PBXFileReference; fileEncoding = 4; lastKnownFileType = sourcecode.c.h; path = DateHelper.h; sourceTree = "<group>"; };
		A8E1E2101F4E5ADE008DE876 /* Charts-Swift.h */ = {isa = PBXFileReference; fileEncoding = 4; lastKnownFileType = sourcecode.c.h; path = "Charts-Swift.h"; sourceTree = "<group>"; };
		A8E1E2111F4E5ADE008DE876 /* main.m */ = {isa = PBXFileReference; fileEncoding = 4; lastKnownFileType = sourcecode.c.objc; path = main.m; sourceTree = "<group>"; };
		A8E1E2121F4E5ADE008DE876 /* Info.plist */ = {isa = PBXFileReference; fileEncoding = 4; lastKnownFileType = text.plist.xml; path = Info.plist; sourceTree = "<group>"; };
		A8E1E2131F4E5ADE008DE876 /* Charts-Bridging.swift */ = {isa = PBXFileReference; fileEncoding = 4; lastKnownFileType = sourcecode.swift; path = "Charts-Bridging.swift"; sourceTree = "<group>"; };
		A8E1E2141F4E5ADE008DE876 /* AppDelegate.m */ = {isa = PBXFileReference; fileEncoding = 4; lastKnownFileType = sourcecode.c.objc; path = AppDelegate.m; sourceTree = "<group>"; };
		A8E1E2151F4E5ADE008DE876 /* AppDelegate.h */ = {isa = PBXFileReference; fileEncoding = 4; lastKnownFileType = sourcecode.c.h; path = AppDelegate.h; sourceTree = "<group>"; };
		B38ECF791F40442A00AF75B0 /* OnlineTableViewController.h */ = {isa = PBXFileReference; fileEncoding = 4; lastKnownFileType = sourcecode.c.h; path = OnlineTableViewController.h; sourceTree = "<group>"; };
		B38ECF7A1F40442A00AF75B0 /* OnlineTableViewController.m */ = {isa = PBXFileReference; fileEncoding = 4; lastKnownFileType = sourcecode.c.objc; path = OnlineTableViewController.m; sourceTree = "<group>"; };
		B38ECF7C1F40446600AF75B0 /* OnlineCell.h */ = {isa = PBXFileReference; fileEncoding = 4; lastKnownFileType = sourcecode.c.h; path = OnlineCell.h; sourceTree = "<group>"; };
		B38ECF7D1F40446600AF75B0 /* OnlineCell.m */ = {isa = PBXFileReference; fileEncoding = 4; lastKnownFileType = sourcecode.c.objc; path = OnlineCell.m; sourceTree = "<group>"; };
		B3FB08AD1F45378A00509D57 /* CityTableViewController.h */ = {isa = PBXFileReference; fileEncoding = 4; lastKnownFileType = sourcecode.c.h; path = CityTableViewController.h; sourceTree = "<group>"; };
		B3FB08AE1F45378A00509D57 /* CityTableViewController.m */ = {isa = PBXFileReference; fileEncoding = 4; lastKnownFileType = sourcecode.c.objc; path = CityTableViewController.m; sourceTree = "<group>"; };
		B3FB08B01F4537CF00509D57 /* StoreTableViewController.h */ = {isa = PBXFileReference; fileEncoding = 4; lastKnownFileType = sourcecode.c.h; path = StoreTableViewController.h; sourceTree = "<group>"; };
		B3FB08B11F4537CF00509D57 /* StoreTableViewController.m */ = {isa = PBXFileReference; fileEncoding = 4; lastKnownFileType = sourcecode.c.objc; path = StoreTableViewController.m; sourceTree = "<group>"; };
		B6E7F328C7136741CEF869F6 /* Pods_WalgreensDashboardApp.framework */ = {isa = PBXFileReference; explicitFileType = wrapper.framework; includeInIndex = 0; path = Pods_WalgreensDashboardApp.framework; sourceTree = BUILT_PRODUCTS_DIR; };
		CAF33B164F684CDBC08297E0 /* Pods-WalgreensDashboardAppTests.debug.xcconfig */ = {isa = PBXFileReference; includeInIndex = 1; lastKnownFileType = text.xcconfig; name = "Pods-WalgreensDashboardAppTests.debug.xcconfig"; path = "Pods/Target Support Files/Pods-WalgreensDashboardAppTests/Pods-WalgreensDashboardAppTests.debug.xcconfig"; sourceTree = "<group>"; };
		FFAB52812B6619A93CDF5CA0 /* Pods-WalgreensDashboardAppTests.release.xcconfig */ = {isa = PBXFileReference; includeInIndex = 1; lastKnownFileType = text.xcconfig; name = "Pods-WalgreensDashboardAppTests.release.xcconfig"; path = "Pods/Target Support Files/Pods-WalgreensDashboardAppTests/Pods-WalgreensDashboardAppTests.release.xcconfig"; sourceTree = "<group>"; };
/* End PBXFileReference section */

/* Begin PBXFrameworksBuildPhase section */
		3978F1581EBEAF16001FD643 /* Frameworks */ = {
			isa = PBXFrameworksBuildPhase;
			buildActionMask = 2147483647;
			files = (
				7649FB6E2941621ED3FB9EEA /* Pods_WalgreensDashboardAppTests.framework in Frameworks */,
			);
			runOnlyForDeploymentPostprocessing = 0;
		};
		A842C7241EB023FB002ED089 /* Frameworks */ = {
			isa = PBXFrameworksBuildPhase;
			buildActionMask = 2147483647;
			files = (
				4E3749391F3EE491004DBD53 /* MapKit.framework in Frameworks */,
				A8C1D31D1ED827EA00D34DD4 /* libsqlite3.tbd in Frameworks */,
				FD45EFD0CCED084D3801BDEF /* Pods_WalgreensDashboardApp.framework in Frameworks */,
			);
			runOnlyForDeploymentPostprocessing = 0;
		};
/* End PBXFrameworksBuildPhase section */

/* Begin PBXGroup section */
		0A6712546D177FAAEBC81EAA /* Pods */ = {
			isa = PBXGroup;
			children = (
				58F71D457A8E5549B6DB1252 /* Pods-WalgreensDashboardApp.debug.xcconfig */,
				2CF0AFDCB79E639C41000337 /* Pods-WalgreensDashboardApp.release.xcconfig */,
				CAF33B164F684CDBC08297E0 /* Pods-WalgreensDashboardAppTests.debug.xcconfig */,
				FFAB52812B6619A93CDF5CA0 /* Pods-WalgreensDashboardAppTests.release.xcconfig */,
			);
			name = Pods;
			sourceTree = "<group>";
		};
		3978F1461EBD462A001FD643 /* Frameworks */ = {
			isa = PBXGroup;
			children = (
				4E3749381F3EE491004DBD53 /* MapKit.framework */,
				A8C1D31C1ED827EA00D34DD4 /* libsqlite3.tbd */,
				B6E7F328C7136741CEF869F6 /* Pods_WalgreensDashboardApp.framework */,
				5FAA2A7827A99CB66E52E48B /* Pods_WalgreensDashboardAppTests.framework */,
			);
			name = Frameworks;
			sourceTree = "<group>";
		};
		3978F15C1EBEAF16001FD643 /* WalgreensDashboardAppTests */ = {
			isa = PBXGroup;
			children = (
				A8D891981F711B3B00E3388B /* StoreTimesTests.m */,
				3978F15F1EBEAF16001FD643 /* Info.plist */,
			);
			path = WalgreensDashboardAppTests;
			sourceTree = "<group>";
		};
		4E1C8E4A1F3E995C00947604 /* Models */ = {
			isa = PBXGroup;
			children = (
				A82949DA1F4E4DEE00EA0BBD /* Graph */,
			);
			name = Models;
			path = Common/Frontend/Views;
			sourceTree = "<group>";
		};
		4E37493F1F3EE532004DBD53 /* Store */ = {
			isa = PBXGroup;
			children = (
				4E3749431F3EEC1F004DBD53 /* DetailViewController.h */,
				4E3749441F3EEC1F004DBD53 /* DetailViewController.m */,
			);
			path = Store;
			sourceTree = "<group>";
		};
		4E3F0BB51F3D1F3E00F1D22D /* Chart */ = {
			isa = PBXGroup;
			children = (
				4E1C8E471F3E758600947604 /* SetValueFormatter.h */,
				4E1C8E481F3E758600947604 /* SetValueFormatter.m */,
				4E1C8E441F3E60FF00947604 /* YAxisFomatter.h */,
				4E1C8E451F3E60FF00947604 /* YAxisFomatter.m */,
			);
			path = Chart;
			sourceTree = "<group>";
		};
		A80D3EAC1F6A166E00D9CBE6 /* Store Category */ = {
			isa = PBXGroup;
			children = (
				A85D90D21F96E15F00604683 /* Cells */,
				A8D891851F6CA9CA00E3388B /* StoreCategoryController.h */,
				A8D891861F6CA9CA00E3388B /* StoreCategoryController.m */,
				A8D8917F1F6B875100E3388B /* StoreStateController.h */,
				A8D891801F6B875100E3388B /* StoreStateController.m */,
				A8D891821F6BEBA100E3388B /* StoreCityController.h */,
				A8D891831F6BEBA100E3388B /* StoreCityController.m */,
				A8D891881F6CAC6E00E3388B /* MapController.h */,
				A8D891891F6CAC6E00E3388B /* MapController.m */,
				A8D8918E1F6D06F900E3388B /* Store.h */,
				A8D8918F1F6D070A00E3388B /* Store.m */,
				A8D891911F6E673B00E3388B /* ClusterPin.h */,
				A8D891921F6E675200E3388B /* ClusterPin.m */,
			);
			path = "Store Category";
			sourceTree = "<group>";
		};
		A821BB241EDB95C700B878BA /* Common */ = {
			isa = PBXGroup;
			children = (
				A821BB291EDB95F800B878BA /* Frontend */,
				A8A4CB5F1F2B433200B87449 /* Backend */,
				A8B5AD471F3AEDF00040A2E8 /* Helpers */,
			);
			name = Common;
			sourceTree = "<group>";
		};
		A821BB291EDB95F800B878BA /* Frontend */ = {
			isa = PBXGroup;
			children = (
				A821BB2B1EDB961800B878BA /* Views */,
				4E1C8E4A1F3E995C00947604 /* Models */,
				A821BB2A1EDB960400B878BA /* Controllers */,
			);
			name = Frontend;
			sourceTree = "<group>";
		};
		A821BB2A1EDB960400B878BA /* Controllers */ = {
			isa = PBXGroup;
			children = (
				A89B0A201F8500800016A698 /* Product List */,
				A8AE355E1F80CDE00017C904 /* Store Hours */,
				A80D3EAC1F6A166E00D9CBE6 /* Store Category */,
				A86CF51B1F5D3ED3005889B7 /* Store Details */,
				A82949DD1F4E525A00EA0BBD /* Shared */,
				A88A798D1F2F340300C99BFD /* Main */,
				A86CF5081F5D129D005889B7 /* Store History */,
				A88A79911F2F346000C99BFD /* Offline */,
				B38ECF731F402B6000AF75B0 /* Online */,
				4E37493F1F3EE532004DBD53 /* Store */,
				A89EA2801F72661D00A50E3B /* SegueProtocol.h */,
			);
			name = Controllers;
			path = Common/Frontend/Controllers;
			sourceTree = "<group>";
		};
		A821BB2B1EDB961800B878BA /* Views */ = {
			isa = PBXGroup;
			children = (
				A86CF5141F5D35E7005889B7 /* Store Category */,
				A86CF5131F5D35C0005889B7 /* Store Details */,
				A86CF5121F5D2A3C005889B7 /* Store Hours */,
				A86CF4E61F5CCD1E005889B7 /* Print Products */,
				A86CF4E41F5CCD09005889B7 /* Store History */,
				A82949D21F4E4B9A00EA0BBD /* Main */,
			);
			name = Views;
			path = Common/Frontend/Views;
			sourceTree = "<group>";
		};
		A821BB2D1EDB962E00B878BA /* Resources */ = {
			isa = PBXGroup;
			children = (
				A842C7361EB023FB002ED089 /* Assets.xcassets */,
				A821BB311EDB983700B878BA /* Base.iproj */,
				A821BB2F1EDB964800B878BA /* Database Files */,
			);
			name = Resources;
			sourceTree = "<group>";
		};
		A821BB2F1EDB964800B878BA /* Database Files */ = {
			isa = PBXGroup;
			children = (
				A86A06C71F2DC9D5005A0936 /* walgreensapidb.sql */,
			);
			name = "Database Files";
			path = "Resources/Database Files";
			sourceTree = "<group>";
		};
		A821BB311EDB983700B878BA /* Base.iproj */ = {
			isa = PBXGroup;
			children = (
				A842C7381EB023FB002ED089 /* LaunchScreen.storyboard */,
			);
			name = Base.iproj;
			path = Resources/Base.lproj;
			sourceTree = "<group>";
		};
		A82949D21F4E4B9A00EA0BBD /* Main */ = {
			isa = PBXGroup;
			children = (
				A86CF4E21F5CCADC005889B7 /* Main.storyboard */,
				A86CF4ED1F5CCE40005889B7 /* Dashboard.storyboard */,
			);
			path = Main;
			sourceTree = "<group>";
		};
		A82949D31F4E4BBF00EA0BBD /* Data */ = {
			isa = PBXGroup;
			children = (
				A8B5AD481F3AEE2D0040A2E8 /* NSMutableArray+Stack.h */,
				A8B5AD491F3AEE440040A2E8 /* NSMutableArray+Stack.m */,
				A8074F521F58EA4C00C4406C /* UIViewController+DateTransition.h */,
				A8074F501F58EA3C00C4406C /* UIViewController+DateTransition.m */,
			);
			path = Data;
			sourceTree = "<group>";
		};
		A82949D41F4E4BEC00EA0BBD /* App */ = {
			isa = PBXGroup;
			children = (
				A8E09A561F4D45680063EEE4 /* DatabaseManagerApp.h */,
				A8E09A571F4D45680063EEE4 /* DatabaseManagerApp.m */,
			);
			path = App;
			sourceTree = "<group>";
		};
		A82949D61F4E4C4D00EA0BBD /* Commands */ = {
			isa = PBXGroup;
			children = (
				A8E09A521F4D45680063EEE4 /* Commands.h */,
				A8E09A531F4D45680063EEE4 /* Commands.m */,
				A8E09A5A1F4D45680063EEE4 /* InsertCommands.h */,
				A8E09A5B1F4D45680063EEE4 /* InsertCommands.m */,
				A8E09A5C1F4D45680063EEE4 /* SelectCommands.h */,
				A8E09A5D1F4D45680063EEE4 /* SelectCommands.m */,
				A8E09A5E1F4D45680063EEE4 /* TableCommands.h */,
				A8E09A5F1F4D45680063EEE4 /* TableCommands.m */,
				A8E09A601F4D45680063EEE4 /* UpdateCommands.h */,
				A8E09A611F4D45680063EEE4 /* UpdateCommands.m */,
			);
			path = Commands;
			sourceTree = "<group>";
		};
		A82949DA1F4E4DEE00EA0BBD /* Graph */ = {
			isa = PBXGroup;
			children = (
				4E1C8E4B1F3E998200947604 /* ChartsView.h */,
				4E1C8E4C1F3E998200947604 /* ChartsView.m */,
			);
			name = Graph;
			path = ../Models/Graph;
			sourceTree = "<group>";
		};
		A82949DB1F4E4EB500EA0BBD /* Date */ = {
			isa = PBXGroup;
			children = (
				A8E1E2021F4E58CE008DE876 /* DateHelper.h */,
				A8E1E2011F4E58CE008DE876 /* DateHelper.m */,
			);
			path = Date;
			sourceTree = "<group>";
		};
		A82949DD1F4E525A00EA0BBD /* Shared */ = {
			isa = PBXGroup;
			children = (
				A86CF4F31F5CF475005889B7 /* ViewController.h */,
				A86CF4F41F5CF475005889B7 /* ViewController.m */,
				A86CF4F61F5CF6C9005889B7 /* TableViewController.h */,
				A86CF4F71F5CF6C9005889B7 /* TableViewController.m */,
			);
			path = Shared;
			sourceTree = "<group>";
		};
		A842C71E1EB023FB002ED089 = {
			isa = PBXGroup;
			children = (
				A842C7291EB023FB002ED089 /* WalgreensDashboardApp */,
				3978F15C1EBEAF16001FD643 /* WalgreensDashboardAppTests */,
				A842C7281EB023FB002ED089 /* Products */,
				3978F1461EBD462A001FD643 /* Frameworks */,
				0A6712546D177FAAEBC81EAA /* Pods */,
			);
			sourceTree = "<group>";
		};
		A842C7281EB023FB002ED089 /* Products */ = {
			isa = PBXGroup;
			children = (
				A842C7271EB023FB002ED089 /* WalgreensDashboardApp.app */,
				3978F15B1EBEAF16001FD643 /* WalgreensDashboardAppTests.xctest */,
			);
			name = Products;
			sourceTree = "<group>";
		};
		A842C7291EB023FB002ED089 /* WalgreensDashboardApp */ = {
			isa = PBXGroup;
			children = (
				A821BB241EDB95C700B878BA /* Common */,
				A821BB2D1EDB962E00B878BA /* Resources */,
				A8E1E2051F4E5A1D008DE876 /* Supporting Files */,
			);
			path = WalgreensDashboardApp;
			sourceTree = "<group>";
		};
		A85553081F3063FA00C7B20C /* Controllers */ = {
			isa = PBXGroup;
			children = (
				A8E09A451F4D45560063EEE4 /* Controller.h */,
				A8E09A441F4D45560063EEE4 /* Controller.m */,
				A8E09A411F4D45560063EEE4 /* StatusController.h */,
				A8E09A401F4D45560063EEE4 /* StatusController.m */,
			);
			path = Controllers;
			sourceTree = "<group>";
		};
		A85D90C21F96C51400604683 /* Cells */ = {
			isa = PBXGroup;
			children = (
				A85D90C61F96C54C00604683 /* OfflineHistoryCell.h */,
				A85D90C71F96C54C00604683 /* OfflineHistoryCell.m */,
				A85D90C31F96C53200604683 /* DatePickerCell.h */,
				A85D90C41F96C53200604683 /* DatePickerCell.m */,
				A85D90D61F970D0A00604683 /* OnlineTrendCell.h */,
				A85D90D71F970D0A00604683 /* OnlineTrendCell.m */,
				A85D90CE1F96CC8700604683 /* Supporting Objects */,
			);
			name = Cells;
			sourceTree = "<group>";
		};
		A85D90CC1F96CB9E00604683 /* Delegates */ = {
			isa = PBXGroup;
			children = (
				A85D90CD1F96CBBD00604683 /* DatePickerDelegate.h */,
			);
			name = Delegates;
			sourceTree = "<group>";
		};
		A85D90CE1F96CC8700604683 /* Supporting Objects */ = {
			isa = PBXGroup;
			children = (
				A85D90CF1F96CC9800604683 /* Month.h */,
				A85D90D01F96CCA800604683 /* Month.m */,
			);
			name = "Supporting Objects";
			sourceTree = "<group>";
		};
		A85D90D21F96E15F00604683 /* Cells */ = {
			isa = PBXGroup;
			children = (
				A85D90D31F96E19D00604683 /* StoreCell.m */,
				A85D90D41F96E19D00604683 /* StoreCell.h */,
			);
			name = Cells;
			sourceTree = "<group>";
		};
		A86CF4E41F5CCD09005889B7 /* Store History */ = {
			isa = PBXGroup;
			children = (
				A86CF4E71F5CCD6E005889B7 /* StoreHistory.storyboard */,
			);
			path = "Store History";
			sourceTree = "<group>";
		};
		A86CF4E61F5CCD1E005889B7 /* Print Products */ = {
			isa = PBXGroup;
			children = (
				A86CF4EB1F5CCDB1005889B7 /* PrintProducts.storyboard */,
			);
			path = "Print Products";
			sourceTree = "<group>";
		};
		A86CF5081F5D129D005889B7 /* Store History */ = {
			isa = PBXGroup;
			children = (
				A85D90C21F96C51400604683 /* Cells */,
				A85D90BF1F96C15C00604683 /* OfflineHistoryController.h */,
				A85D90C01F96C15C00604683 /* OfflineHistoryController.m */,
				A85D90CC1F96CB9E00604683 /* Delegates */,
			);
			path = "Store History";
			sourceTree = "<group>";
		};
		A86CF5121F5D2A3C005889B7 /* Store Hours */ = {
			isa = PBXGroup;
			children = (
				A8AE355C1F80CA6F0017C904 /* StoreHours.storyboard */,
			);
			path = "Store Hours";
			sourceTree = "<group>";
		};
		A86CF5131F5D35C0005889B7 /* Store Details */ = {
			isa = PBXGroup;
			children = (
				A86CF5191F5D37DB005889B7 /* StoreDetails.storyboard */,
			);
			path = "Store Details";
			sourceTree = "<group>";
		};
		A86CF5141F5D35E7005889B7 /* Store Category */ = {
			isa = PBXGroup;
			children = (
				A86CF5151F5D366C005889B7 /* StoreCategory.storyboard */,
			);
			path = "Store Category";
			sourceTree = "<group>";
		};
		A86CF51B1F5D3ED3005889B7 /* Store Details */ = {
			isa = PBXGroup;
			children = (
				A86CF51C1F5D3F59005889B7 /* MapPin.h */,
				A86CF51D1F5D3F59005889B7 /* MapPin.m */,
				A86CF51F1F5D3FA4005889B7 /* MapCell.h */,
				A86CF5201F5D3FA4005889B7 /* MapCell.m */,
				A86CF5221F5D4058005889B7 /* DetailCell.h */,
				A86CF5231F5D4058005889B7 /* DetailCell.m */,
				A86CF5251F5D40E9005889B7 /* StoreDetailsController.h */,
				A86CF5261F5D40E9005889B7 /* StoreDetailsController.m */,
				A8AE35571F7FB4600017C904 /* StoreTimeCell.h */,
				A8AE35581F7FB4600017C904 /* StoreTimeCell.m */,
			);
			path = "Store Details";
			sourceTree = "<group>";
		};
		A86DE40E1F8AECEC00D3E486 /* Cells */ = {
			isa = PBXGroup;
			children = (
				A86DE40B1F8AECDD00D3E486 /* DashboardCountCell.h */,
				A86DE40C1F8AECDD00D3E486 /* DashboardCountCell.m */,
				A8A166CD1F902AF800E3081C /* DashboardCountCellData.h */,
				A8A166CE1F902B7300E3081C /* DashboardCountCellData.m */,
			);
			name = Cells;
			sourceTree = "<group>";
		};
		A88A79861F2F14BA00C99BFD /* Cells */ = {
			isa = PBXGroup;
			children = (
				A88A79871F2F151700C99BFD /* OfflineCell.h */,
				A88A79881F2F151700C99BFD /* OfflineCell.m */,
			);
			name = Cells;
			path = ../Offline/Cells;
			sourceTree = "<group>";
		};
		A88A798D1F2F340300C99BFD /* Main */ = {
			isa = PBXGroup;
			children = (
				A86DE40E1F8AECEC00D3E486 /* Cells */,
				A86CF4F01F5CF437005889B7 /* DashboardController.h */,
				A86CF4F11F5CF437005889B7 /* DashboardController.m */,
				A86A06B11F2DA850005A0936 /* UpdateTableViewController.h */,
				A86A06B21F2DA850005A0936 /* UpdateTableViewController.m */,
				A88A798E1F2F343900C99BFD /* HistoryTableViewController.h */,
				A88A798F1F2F343900C99BFD /* HistoryTableViewController.m */,
				A89EA2831F726CF800A50E3B /* MessageCell.h */,
				A89EA2841F726CF800A50E3B /* MessageCell.m */,
				A86DE40F1F8B002C00D3E486 /* UIColor+AppTheme.h */,
				A86DE4101F8B008100D3E486 /* UIColor+AppTheme.m */,
			);
			path = Main;
			sourceTree = "<group>";
		};
		A88A79911F2F346000C99BFD /* Offline */ = {
			isa = PBXGroup;
			children = (
				A88A79861F2F14BA00C99BFD /* Cells */,
				A88A79921F2F41AE00C99BFD /* OfflineTableViewController.h */,
				A88A79931F2F41AE00C99BFD /* OfflineTableViewController.m */,
			);
			path = Offline;
			sourceTree = "<group>";
		};
		A89B0A201F8500800016A698 /* Product List */ = {
			isa = PBXGroup;
			children = (
				A89B0A271F8507850016A698 /* Cells */,
				A89B0A211F8500C10016A698 /* ProductListController.h */,
				A89B0A221F8500C10016A698 /* ProductListController.m */,
			);
			path = "Product List";
			sourceTree = "<group>";
		};
		A89B0A271F8507850016A698 /* Cells */ = {
			isa = PBXGroup;
			children = (
				A89B0A241F85076F0016A698 /* ProductCell.h */,
				A89B0A251F85076F0016A698 /* ProductCell.m */,
			);
			path = Cells;
			sourceTree = "<group>";
		};
		A8A4CB5F1F2B433200B87449 /* Backend */ = {
			isa = PBXGroup;
			children = (
				A8A4CB611F2B46E000B87449 /* Models */,
				A85553081F3063FA00C7B20C /* Controllers */,
			);
			name = Backend;
			path = Common/Backend;
			sourceTree = "<group>";
		};
		A8A4CB611F2B46E000B87449 /* Models */ = {
			isa = PBXGroup;
			children = (
				A8D891941F6F79CF00E3388B /* Time */,
				A8E09A4A1F4D45680063EEE4 /* Network */,
				A8E09A511F4D45680063EEE4 /* Database */,
			);
			name = Models;
			path = Models/Database;
			sourceTree = "<group>";
		};
		A8AE355E1F80CDE00017C904 /* Store Hours */ = {
			isa = PBXGroup;
			children = (
				A8AE35681F80FA660017C904 /* Cells */,
				A8AE35621F80F1750017C904 /* StoreHoursController.h */,
				A8AE35631F80F1750017C904 /* StoreHoursController.m */,
			);
			name = "Store Hours";
			sourceTree = "<group>";
		};
		A8AE35681F80FA660017C904 /* Cells */ = {
			isa = PBXGroup;
			children = (
				A89EA27D1F72477700A50E3B /* StoreTimesMapCell.h */,
				A89EA27E1F72477700A50E3B /* StoreTimesMapCell.m */,
				A8AE356C1F810AA00017C904 /* SingleLabelCell.h */,
				A8AE356D1F810AA00017C904 /* SingleLabelCell.m */,
			);
			name = Cells;
			sourceTree = "<group>";
		};
		A8B5AD471F3AEDF00040A2E8 /* Helpers */ = {
			isa = PBXGroup;
			children = (
				A82949DB1F4E4EB500EA0BBD /* Date */,
				A82949D31F4E4BBF00EA0BBD /* Data */,
				4E3F0BB51F3D1F3E00F1D22D /* Chart */,
			);
			name = Helpers;
			path = Common/Helpers;
			sourceTree = "<group>";
		};
		A8D891941F6F79CF00E3388B /* Time */ = {
			isa = PBXGroup;
			children = (
				A8D891951F6F7A8500E3388B /* StoreTimes.h */,
				A8D891961F6F7A9500E3388B /* StoreTimes.m */,
				A8D8919A1F71F6A000E3388B /* StoreTimesConstants.h */,
				A8D8919B1F71F6B200E3388B /* StoreTimesConstants.m */,
			);
			name = Time;
			path = ../Time;
			sourceTree = "<group>";
		};
		A8E09A4A1F4D45680063EEE4 /* Network */ = {
			isa = PBXGroup;
			children = (
				A8E09A4B1F4D45680063EEE4 /* NetworkUtility.h */,
				A8E09A4C1F4D45680063EEE4 /* NetworkUtility.m */,
				A8E09A4D1F4D45680063EEE4 /* Reachability.h */,
				A8E09A4E1F4D45680063EEE4 /* Reachability.m */,
				A8E09A4F1F4D45680063EEE4 /* WalgreensAPI.h */,
				A8E09A501F4D45680063EEE4 /* WalgreensAPI.m */,
				A8A1B8241F942DD3004A0BC3 /* WalgreensAPIDelegate.h */,
				A8A1B8251F945B81004A0BC3 /* WalgreensAPIConstants.h */,
				A8A1B8261F945B90004A0BC3 /* WalgreensAPIConstants.m */,
			);
			name = Network;
			path = WalgreensDashboardApp/Common/Backend/Models/Network;
			sourceTree = SOURCE_ROOT;
		};
		A8E09A511F4D45680063EEE4 /* Database */ = {
			isa = PBXGroup;
			children = (
				A8D8918B1F6CFDBD00E3388B /* DatabaseConstants.h */,
				A8D8918C1F6D003B00E3388B /* DatabaseConstants.m */,
				A8E09A541F4D45680063EEE4 /* DatabaseManager.h */,
				A8E09A551F4D45680063EEE4 /* DatabaseManager.m */,
				A82949D61F4E4C4D00EA0BBD /* Commands */,
				A82949D41F4E4BEC00EA0BBD /* App */,
			);
			name = Database;
			sourceTree = "<group>";
		};
		A8E1E2051F4E5A1D008DE876 /* Supporting Files */ = {
			isa = PBXGroup;
			children = (
				A8E1E2101F4E5ADE008DE876 /* Charts-Swift.h */,
				A8E1E2111F4E5ADE008DE876 /* main.m */,
				A8E1E2121F4E5ADE008DE876 /* Info.plist */,
				A8E1E2131F4E5ADE008DE876 /* Charts-Bridging.swift */,
				A8E1E2151F4E5ADE008DE876 /* AppDelegate.h */,
				A8E1E2141F4E5ADE008DE876 /* AppDelegate.m */,
			);
			path = "Supporting Files";
			sourceTree = "<group>";
		};
		B38ECF731F402B6000AF75B0 /* Online */ = {
			isa = PBXGroup;
			children = (
				B38ECF761F402BA600AF75B0 /* Cells */,
				B38ECF791F40442A00AF75B0 /* OnlineTableViewController.h */,
				B38ECF7A1F40442A00AF75B0 /* OnlineTableViewController.m */,
				B3FB08AD1F45378A00509D57 /* CityTableViewController.h */,
				B3FB08AE1F45378A00509D57 /* CityTableViewController.m */,
				B3FB08B01F4537CF00509D57 /* StoreTableViewController.h */,
				B3FB08B11F4537CF00509D57 /* StoreTableViewController.m */,
			);
			path = Online;
			sourceTree = "<group>";
		};
		B38ECF761F402BA600AF75B0 /* Cells */ = {
			isa = PBXGroup;
			children = (
				B38ECF7C1F40446600AF75B0 /* OnlineCell.h */,
				B38ECF7D1F40446600AF75B0 /* OnlineCell.m */,
			);
			path = Cells;
			sourceTree = "<group>";
		};
/* End PBXGroup section */

/* Begin PBXNativeTarget section */
		3978F15A1EBEAF16001FD643 /* WalgreensDashboardAppTests */ = {
			isa = PBXNativeTarget;
			buildConfigurationList = 3978F1621EBEAF16001FD643 /* Build configuration list for PBXNativeTarget "WalgreensDashboardAppTests" */;
			buildPhases = (
				01514F056F4C7DE178A4B0E7 /* [CP] Check Pods Manifest.lock */,
				3978F1571EBEAF16001FD643 /* Sources */,
				3978F1581EBEAF16001FD643 /* Frameworks */,
				3978F1591EBEAF16001FD643 /* Resources */,
				402C27D92BFCFA10DCAE0FC5 /* [CP] Embed Pods Frameworks */,
				05A1C01C2B279F1022471357 /* [CP] Copy Pods Resources */,
			);
			buildRules = (
			);
			dependencies = (
				3978F1611EBEAF16001FD643 /* PBXTargetDependency */,
			);
			name = WalgreensDashboardAppTests;
			productName = WalgreensDashboardAppTests;
			productReference = 3978F15B1EBEAF16001FD643 /* WalgreensDashboardAppTests.xctest */;
			productType = "com.apple.product-type.bundle.unit-test";
		};
		A842C7261EB023FB002ED089 /* WalgreensDashboardApp */ = {
			isa = PBXNativeTarget;
			buildConfigurationList = A842C73E1EB023FB002ED089 /* Build configuration list for PBXNativeTarget "WalgreensDashboardApp" */;
			buildPhases = (
				C0F2A8A492437337863BCDC5 /* [CP] Check Pods Manifest.lock */,
				A842C7231EB023FB002ED089 /* Sources */,
				A842C7241EB023FB002ED089 /* Frameworks */,
				A842C7251EB023FB002ED089 /* Resources */,
				4E3F0BB01F3D1E6900F1D22D /* Embed Frameworks */,
				4EB6B38CBE7A28397874E20B /* [CP] Embed Pods Frameworks */,
				D7BF38104ADF7FE0CD9BA7B1 /* [CP] Copy Pods Resources */,
			);
			buildRules = (
			);
			dependencies = (
			);
			name = WalgreensDashboardApp;
			productName = WalgreensDashboardMock;
			productReference = A842C7271EB023FB002ED089 /* WalgreensDashboardApp.app */;
			productType = "com.apple.product-type.application";
		};
/* End PBXNativeTarget section */

/* Begin PBXProject section */
		A842C71F1EB023FB002ED089 /* Project object */ = {
			isa = PBXProject;
			attributes = {
				LastUpgradeCheck = 0830;
				ORGANIZATIONNAME = "Sebastian Garbarek";
				TargetAttributes = {
					3978F15A1EBEAF16001FD643 = {
						CreatedOnToolsVersion = 8.3.2;
						ProvisioningStyle = Manual;
						TestTargetID = A842C7261EB023FB002ED089;
					};
					A842C7261EB023FB002ED089 = {
						CreatedOnToolsVersion = 8.3.2;
						DevelopmentTeam = 7T68VBXSUT;
						LastSwiftMigration = 0830;
						ProvisioningStyle = Automatic;
					};
				};
			};
			buildConfigurationList = A842C7221EB023FB002ED089 /* Build configuration list for PBXProject "WalgreensDashboardApp" */;
			compatibilityVersion = "Xcode 3.2";
			developmentRegion = English;
			hasScannedForEncodings = 0;
			knownRegions = (
				en,
				Base,
			);
			mainGroup = A842C71E1EB023FB002ED089;
			productRefGroup = A842C7281EB023FB002ED089 /* Products */;
			projectDirPath = "";
			projectRoot = "";
			targets = (
				A842C7261EB023FB002ED089 /* WalgreensDashboardApp */,
				3978F15A1EBEAF16001FD643 /* WalgreensDashboardAppTests */,
			);
		};
/* End PBXProject section */

/* Begin PBXResourcesBuildPhase section */
		3978F1591EBEAF16001FD643 /* Resources */ = {
			isa = PBXResourcesBuildPhase;
			buildActionMask = 2147483647;
			files = (
			);
			runOnlyForDeploymentPostprocessing = 0;
		};
		A842C7251EB023FB002ED089 /* Resources */ = {
			isa = PBXResourcesBuildPhase;
			buildActionMask = 2147483647;
			files = (
				A86CF4EC1F5CCDB1005889B7 /* PrintProducts.storyboard in Resources */,
				A80D3CEB1F3159AF00ED6BF2 /* walgreensapidb.sql in Resources */,
				A86CF5161F5D366C005889B7 /* StoreCategory.storyboard in Resources */,
				A86CF4E81F5CCD6E005889B7 /* StoreHistory.storyboard in Resources */,
				A86CF4E31F5CCADC005889B7 /* Main.storyboard in Resources */,
				A86CF51A1F5D37DB005889B7 /* StoreDetails.storyboard in Resources */,
				A842C73A1EB023FB002ED089 /* LaunchScreen.storyboard in Resources */,
				A842C7371EB023FB002ED089 /* Assets.xcassets in Resources */,
				A8AE355D1F80CA6F0017C904 /* StoreHours.storyboard in Resources */,
				A86CF4EE1F5CCE40005889B7 /* Dashboard.storyboard in Resources */,
			);
			runOnlyForDeploymentPostprocessing = 0;
		};
/* End PBXResourcesBuildPhase section */

/* Begin PBXShellScriptBuildPhase section */
		01514F056F4C7DE178A4B0E7 /* [CP] Check Pods Manifest.lock */ = {
			isa = PBXShellScriptBuildPhase;
			buildActionMask = 2147483647;
			files = (
			);
			inputPaths = (
				"${PODS_PODFILE_DIR_PATH}/Podfile.lock",
				"${PODS_ROOT}/Manifest.lock",
			);
			name = "[CP] Check Pods Manifest.lock";
			outputPaths = (
				"$(DERIVED_FILE_DIR)/Pods-WalgreensDashboardAppTests-checkManifestLockResult.txt",
			);
			runOnlyForDeploymentPostprocessing = 0;
			shellPath = /bin/sh;
			shellScript = "diff \"${PODS_PODFILE_DIR_PATH}/Podfile.lock\" \"${PODS_ROOT}/Manifest.lock\" > /dev/null\nif [ $? != 0 ] ; then\n    # print error to STDERR\n    echo \"error: The sandbox is not in sync with the Podfile.lock. Run 'pod install' or update your CocoaPods installation.\" >&2\n    exit 1\nfi\n# This output is used by Xcode 'outputs' to avoid re-running this script phase.\necho \"SUCCESS\" > \"${SCRIPT_OUTPUT_FILE_0}\"\n";
			showEnvVarsInLog = 0;
		};
		05A1C01C2B279F1022471357 /* [CP] Copy Pods Resources */ = {
			isa = PBXShellScriptBuildPhase;
			buildActionMask = 2147483647;
			files = (
			);
			inputPaths = (
			);
			name = "[CP] Copy Pods Resources";
			outputPaths = (
			);
			runOnlyForDeploymentPostprocessing = 0;
			shellPath = /bin/sh;
			shellScript = "\"${SRCROOT}/Pods/Target Support Files/Pods-WalgreensDashboardAppTests/Pods-WalgreensDashboardAppTests-resources.sh\"\n";
			showEnvVarsInLog = 0;
		};
		402C27D92BFCFA10DCAE0FC5 /* [CP] Embed Pods Frameworks */ = {
			isa = PBXShellScriptBuildPhase;
			buildActionMask = 2147483647;
			files = (
			);
			inputPaths = (
			);
			name = "[CP] Embed Pods Frameworks";
			outputPaths = (
			);
			runOnlyForDeploymentPostprocessing = 0;
			shellPath = /bin/sh;
			shellScript = "\"${SRCROOT}/Pods/Target Support Files/Pods-WalgreensDashboardAppTests/Pods-WalgreensDashboardAppTests-frameworks.sh\"\n";
			showEnvVarsInLog = 0;
		};
		4EB6B38CBE7A28397874E20B /* [CP] Embed Pods Frameworks */ = {
			isa = PBXShellScriptBuildPhase;
			buildActionMask = 2147483647;
			files = (
			);
			inputPaths = (
				"${SRCROOT}/Pods/Target Support Files/Pods-WalgreensDashboardApp/Pods-WalgreensDashboardApp-frameworks.sh",
				"${BUILT_PRODUCTS_DIR}/Charts/Charts.framework",
				"${BUILT_PRODUCTS_DIR}/ClusterKit/ClusterKit.framework",
			);
			name = "[CP] Embed Pods Frameworks";
			outputPaths = (
				"${TARGET_BUILD_DIR}/${FRAMEWORKS_FOLDER_PATH}/Charts.framework",
				"${TARGET_BUILD_DIR}/${FRAMEWORKS_FOLDER_PATH}/ClusterKit.framework",
			);
			runOnlyForDeploymentPostprocessing = 0;
			shellPath = /bin/sh;
			shellScript = "\"${SRCROOT}/Pods/Target Support Files/Pods-WalgreensDashboardApp/Pods-WalgreensDashboardApp-frameworks.sh\"\n";
			showEnvVarsInLog = 0;
		};
		C0F2A8A492437337863BCDC5 /* [CP] Check Pods Manifest.lock */ = {
			isa = PBXShellScriptBuildPhase;
			buildActionMask = 2147483647;
			files = (
			);
			inputPaths = (
				"${PODS_PODFILE_DIR_PATH}/Podfile.lock",
				"${PODS_ROOT}/Manifest.lock",
			);
			name = "[CP] Check Pods Manifest.lock";
			outputPaths = (
				"$(DERIVED_FILE_DIR)/Pods-WalgreensDashboardApp-checkManifestLockResult.txt",
			);
			runOnlyForDeploymentPostprocessing = 0;
			shellPath = /bin/sh;
			shellScript = "diff \"${PODS_PODFILE_DIR_PATH}/Podfile.lock\" \"${PODS_ROOT}/Manifest.lock\" > /dev/null\nif [ $? != 0 ] ; then\n    # print error to STDERR\n    echo \"error: The sandbox is not in sync with the Podfile.lock. Run 'pod install' or update your CocoaPods installation.\" >&2\n    exit 1\nfi\n# This output is used by Xcode 'outputs' to avoid re-running this script phase.\necho \"SUCCESS\" > \"${SCRIPT_OUTPUT_FILE_0}\"\n";
			showEnvVarsInLog = 0;
		};
		D7BF38104ADF7FE0CD9BA7B1 /* [CP] Copy Pods Resources */ = {
			isa = PBXShellScriptBuildPhase;
			buildActionMask = 2147483647;
			files = (
			);
			inputPaths = (
			);
			name = "[CP] Copy Pods Resources";
			outputPaths = (
			);
			runOnlyForDeploymentPostprocessing = 0;
			shellPath = /bin/sh;
			shellScript = "\"${SRCROOT}/Pods/Target Support Files/Pods-WalgreensDashboardApp/Pods-WalgreensDashboardApp-resources.sh\"\n";
			showEnvVarsInLog = 0;
		};
/* End PBXShellScriptBuildPhase section */

/* Begin PBXSourcesBuildPhase section */
		3978F1571EBEAF16001FD643 /* Sources */ = {
			isa = PBXSourcesBuildPhase;
			buildActionMask = 2147483647;
			files = (
				A8D891991F711B3B00E3388B /* StoreTimesTests.m in Sources */,
			);
			runOnlyForDeploymentPostprocessing = 0;
		};
		A842C7231EB023FB002ED089 /* Sources */ = {
			isa = PBXSourcesBuildPhase;
			buildActionMask = 2147483647;
			files = (
				A85D90D51F96E19D00604683 /* StoreCell.m in Sources */,
				A86CF4FA1F5CFC54005889B7 /* NetworkUtility.m in Sources */,
				A8AE35591F7FB4600017C904 /* StoreTimeCell.m in Sources */,
				A8AE35641F80F1750017C904 /* StoreHoursController.m in Sources */,
				A86CF5271F5D40E9005889B7 /* StoreDetailsController.m in Sources */,
				A89B0A261F85076F0016A698 /* ProductCell.m in Sources */,
				A89EA2851F726CF800A50E3B /* MessageCell.m in Sources */,
				A85D90C81F96C54C00604683 /* OfflineHistoryCell.m in Sources */,
				A86CF4FB1F5CFC54005889B7 /* Reachability.m in Sources */,
				A85D90C51F96C53200604683 /* DatePickerCell.m in Sources */,
				A86CF51E1F5D3F59005889B7 /* MapPin.m in Sources */,
				A86CF4FC1F5CFC54005889B7 /* WalgreensAPI.m in Sources */,
				A8D891841F6BEBA100E3388B /* StoreCityController.m in Sources */,
				A86DE40D1F8AECDD00D3E486 /* DashboardCountCell.m in Sources */,
				A8A166CF1F902B7300E3081C /* DashboardCountCellData.m in Sources */,
				A86CF4FD1F5CFC54005889B7 /* DatabaseManager.m in Sources */,
				A8D8918D1F6D003C00E3388B /* DatabaseConstants.m in Sources */,
				A86CF4FE1F5CFC54005889B7 /* Commands.m in Sources */,
				A89B0A231F8500C10016A698 /* ProductListController.m in Sources */,
				A86CF4FF1F5CFC54005889B7 /* InsertCommands.m in Sources */,
				A85D90C11F96C15C00604683 /* OfflineHistoryController.m in Sources */,
				A86CF5001F5CFC54005889B7 /* SelectCommands.m in Sources */,
				A86CF5011F5CFC54005889B7 /* TableCommands.m in Sources */,
				A8D891811F6B875100E3388B /* StoreStateController.m in Sources */,
				A86CF5211F5D3FA4005889B7 /* MapCell.m in Sources */,
				A8D891901F6D070A00E3388B /* Store.m in Sources */,
				A86CF5021F5CFC54005889B7 /* UpdateCommands.m in Sources */,
				A86CF5031F5CFC54005889B7 /* DatabaseManagerApp.m in Sources */,
				A8D891871F6CA9CA00E3388B /* StoreCategoryController.m in Sources */,
				A86CF5041F5CFC54005889B7 /* Controller.m in Sources */,
				A86CF5051F5CFC54005889B7 /* StatusController.m in Sources */,
				A85D90D11F96CCA800604683 /* Month.m in Sources */,
				A8D8919C1F71F6B200E3388B /* StoreTimesConstants.m in Sources */,
				A8A1B8271F945B90004A0BC3 /* WalgreensAPIConstants.m in Sources */,
				A8D891971F6F7A9500E3388B /* StoreTimes.m in Sources */,
				A86CF4F91F5CFC1A005889B7 /* DateHelper.m in Sources */,
				A8D8918A1F6CAC6E00E3388B /* MapController.m in Sources */,
				A86CF4F21F5CF437005889B7 /* DashboardController.m in Sources */,
				A86CF4F81F5CF6C9005889B7 /* TableViewController.m in Sources */,
				A86CF4F51F5CF475005889B7 /* ViewController.m in Sources */,
				A8D891931F6E675200E3388B /* ClusterPin.m in Sources */,
				A86DE4111F8B008100D3E486 /* UIColor+AppTheme.m in Sources */,
				A89EA27F1F72477700A50E3B /* StoreTimesMapCell.m in Sources */,
				A86CF5241F5D4058005889B7 /* DetailCell.m in Sources */,
				A8E1E2161F4E5ADE008DE876 /* main.m in Sources */,
				A8E1E2191F4E5ADE008DE876 /* AppDelegate.m in Sources */,
				A85D90D81F970D0A00604683 /* OnlineTrendCell.m in Sources */,
				A8AE356E1F810AA00017C904 /* SingleLabelCell.m in Sources */,
			);
			runOnlyForDeploymentPostprocessing = 0;
		};
/* End PBXSourcesBuildPhase section */

/* Begin PBXTargetDependency section */
		3978F1611EBEAF16001FD643 /* PBXTargetDependency */ = {
			isa = PBXTargetDependency;
			target = A842C7261EB023FB002ED089 /* WalgreensDashboardApp */;
			targetProxy = 3978F1601EBEAF16001FD643 /* PBXContainerItemProxy */;
		};
/* End PBXTargetDependency section */

/* Begin PBXVariantGroup section */
		A842C7381EB023FB002ED089 /* LaunchScreen.storyboard */ = {
			isa = PBXVariantGroup;
			children = (
				A842C7391EB023FB002ED089 /* Base */,
			);
			name = LaunchScreen.storyboard;
			path = ..;
			sourceTree = "<group>";
		};
/* End PBXVariantGroup section */

/* Begin XCBuildConfiguration section */
		3978F1631EBEAF16001FD643 /* Debug */ = {
			isa = XCBuildConfiguration;
			baseConfigurationReference = CAF33B164F684CDBC08297E0 /* Pods-WalgreensDashboardAppTests.debug.xcconfig */;
			buildSettings = {
				BUNDLE_LOADER = "$(TEST_HOST)";
				"CODE_SIGN_IDENTITY[sdk=iphoneos*]" = "iPhone Developer";
				DEVELOPMENT_TEAM = "";
				INFOPLIST_FILE = WalgreensDashboardAppTests/Info.plist;
				LD_RUNPATH_SEARCH_PATHS = "$(inherited) @executable_path/Frameworks @loader_path/Frameworks";
				PRODUCT_BUNDLE_IDENTIFIER = nan.WalgreensDashboardAppTests;
				PRODUCT_NAME = "$(TARGET_NAME)";
				PROVISIONING_PROFILE_SPECIFIER = "";
				TEST_HOST = "$(BUILT_PRODUCTS_DIR)/WalgreensDashboardApp.app/WalgreensDashboardApp";
			};
			name = Debug;
		};
		3978F1641EBEAF16001FD643 /* Release */ = {
			isa = XCBuildConfiguration;
			baseConfigurationReference = FFAB52812B6619A93CDF5CA0 /* Pods-WalgreensDashboardAppTests.release.xcconfig */;
			buildSettings = {
				BUNDLE_LOADER = "$(TEST_HOST)";
				"CODE_SIGN_IDENTITY[sdk=iphoneos*]" = "iPhone Developer";
				DEVELOPMENT_TEAM = "";
				INFOPLIST_FILE = WalgreensDashboardAppTests/Info.plist;
				LD_RUNPATH_SEARCH_PATHS = "$(inherited) @executable_path/Frameworks @loader_path/Frameworks";
				PRODUCT_BUNDLE_IDENTIFIER = nan.WalgreensDashboardAppTests;
				PRODUCT_NAME = "$(TARGET_NAME)";
				PROVISIONING_PROFILE_SPECIFIER = "";
				TEST_HOST = "$(BUILT_PRODUCTS_DIR)/WalgreensDashboardApp.app/WalgreensDashboardApp";
			};
			name = Release;
		};
		A842C73C1EB023FB002ED089 /* Debug */ = {
			isa = XCBuildConfiguration;
			buildSettings = {
				ALWAYS_SEARCH_USER_PATHS = NO;
				CLANG_ANALYZER_NONNULL = YES;
				CLANG_ANALYZER_NUMBER_OBJECT_CONVERSION = YES_AGGRESSIVE;
				CLANG_CXX_LANGUAGE_STANDARD = "gnu++0x";
				CLANG_CXX_LIBRARY = "libc++";
				CLANG_ENABLE_MODULES = YES;
				CLANG_ENABLE_OBJC_ARC = YES;
				CLANG_WARN_BOOL_CONVERSION = YES;
				CLANG_WARN_CONSTANT_CONVERSION = YES;
				CLANG_WARN_DIRECT_OBJC_ISA_USAGE = YES_ERROR;
				CLANG_WARN_DOCUMENTATION_COMMENTS = YES;
				CLANG_WARN_EMPTY_BODY = YES;
				CLANG_WARN_ENUM_CONVERSION = YES;
				CLANG_WARN_INFINITE_RECURSION = YES;
				CLANG_WARN_INT_CONVERSION = YES;
				CLANG_WARN_OBJC_ROOT_CLASS = YES_ERROR;
				CLANG_WARN_SUSPICIOUS_MOVE = YES;
				CLANG_WARN_UNREACHABLE_CODE = YES;
				CLANG_WARN__DUPLICATE_METHOD_MATCH = YES;
				"CODE_SIGN_IDENTITY[sdk=iphoneos*]" = "iPhone Developer";
				COPY_PHASE_STRIP = NO;
				DEBUG_INFORMATION_FORMAT = dwarf;
				ENABLE_STRICT_OBJC_MSGSEND = YES;
				ENABLE_TESTABILITY = YES;
				GCC_C_LANGUAGE_STANDARD = gnu99;
				GCC_DYNAMIC_NO_PIC = NO;
				GCC_NO_COMMON_BLOCKS = YES;
				GCC_OPTIMIZATION_LEVEL = 0;
				GCC_PREPROCESSOR_DEFINITIONS = (
					"DEBUG=1",
					"$(inherited)",
				);
				GCC_WARN_64_TO_32_BIT_CONVERSION = YES;
				GCC_WARN_ABOUT_RETURN_TYPE = YES_ERROR;
				GCC_WARN_UNDECLARED_SELECTOR = YES;
				GCC_WARN_UNINITIALIZED_AUTOS = YES_AGGRESSIVE;
				GCC_WARN_UNUSED_FUNCTION = YES;
				GCC_WARN_UNUSED_VARIABLE = YES;
				IPHONEOS_DEPLOYMENT_TARGET = 10.3;
				MTL_ENABLE_DEBUG_INFO = YES;
				ONLY_ACTIVE_ARCH = YES;
				SDKROOT = iphoneos;
			};
			name = Debug;
		};
		A842C73D1EB023FB002ED089 /* Release */ = {
			isa = XCBuildConfiguration;
			buildSettings = {
				ALWAYS_SEARCH_USER_PATHS = NO;
				CLANG_ANALYZER_NONNULL = YES;
				CLANG_ANALYZER_NUMBER_OBJECT_CONVERSION = YES_AGGRESSIVE;
				CLANG_CXX_LANGUAGE_STANDARD = "gnu++0x";
				CLANG_CXX_LIBRARY = "libc++";
				CLANG_ENABLE_MODULES = YES;
				CLANG_ENABLE_OBJC_ARC = YES;
				CLANG_WARN_BOOL_CONVERSION = YES;
				CLANG_WARN_CONSTANT_CONVERSION = YES;
				CLANG_WARN_DIRECT_OBJC_ISA_USAGE = YES_ERROR;
				CLANG_WARN_DOCUMENTATION_COMMENTS = YES;
				CLANG_WARN_EMPTY_BODY = YES;
				CLANG_WARN_ENUM_CONVERSION = YES;
				CLANG_WARN_INFINITE_RECURSION = YES;
				CLANG_WARN_INT_CONVERSION = YES;
				CLANG_WARN_OBJC_ROOT_CLASS = YES_ERROR;
				CLANG_WARN_SUSPICIOUS_MOVE = YES;
				CLANG_WARN_UNREACHABLE_CODE = YES;
				CLANG_WARN__DUPLICATE_METHOD_MATCH = YES;
				"CODE_SIGN_IDENTITY[sdk=iphoneos*]" = "iPhone Developer";
				COPY_PHASE_STRIP = NO;
				DEBUG_INFORMATION_FORMAT = "dwarf-with-dsym";
				ENABLE_NS_ASSERTIONS = NO;
				ENABLE_STRICT_OBJC_MSGSEND = YES;
				GCC_C_LANGUAGE_STANDARD = gnu99;
				GCC_NO_COMMON_BLOCKS = YES;
				GCC_WARN_64_TO_32_BIT_CONVERSION = YES;
				GCC_WARN_ABOUT_RETURN_TYPE = YES_ERROR;
				GCC_WARN_UNDECLARED_SELECTOR = YES;
				GCC_WARN_UNINITIALIZED_AUTOS = YES_AGGRESSIVE;
				GCC_WARN_UNUSED_FUNCTION = YES;
				GCC_WARN_UNUSED_VARIABLE = YES;
				IPHONEOS_DEPLOYMENT_TARGET = 10.3;
				MTL_ENABLE_DEBUG_INFO = NO;
				SDKROOT = iphoneos;
				SWIFT_OPTIMIZATION_LEVEL = "-Owholemodule";
				VALIDATE_PRODUCT = YES;
			};
			name = Release;
		};
		A842C73F1EB023FB002ED089 /* Debug */ = {
			isa = XCBuildConfiguration;
			baseConfigurationReference = 58F71D457A8E5549B6DB1252 /* Pods-WalgreensDashboardApp.debug.xcconfig */;
			buildSettings = {
				ALWAYS_EMBED_SWIFT_STANDARD_LIBRARIES = "$(inherited)";
				ASSETCATALOG_COMPILER_APPICON_NAME = AppIcon;
				CLANG_ENABLE_MODULES = YES;
				"CODE_SIGN_IDENTITY[sdk=iphoneos*]" = "iPhone Developer";
				DEVELOPMENT_TEAM = 7T68VBXSUT;
				FRAMEWORK_SEARCH_PATHS = (
					"$(inherited)",
					"$(PROJECT_DIR)",
				);
				INFOPLIST_FILE = "$(SRCROOT)/WalgreensDashboardApp/Supporting Files/Info.plist";
				IPHONEOS_DEPLOYMENT_TARGET = 10.3;
				LD_RUNPATH_SEARCH_PATHS = "$(inherited) @executable_path/Frameworks";
				PRODUCT_BUNDLE_IDENTIFIER = com.sebastiangarbarek.WalgreensDashboardApp;
				PRODUCT_NAME = "$(TARGET_NAME)";
				PROVISIONING_PROFILE_SPECIFIER = "";
				SWIFT_OBJC_BRIDGING_HEADER = "WalgreensDashboardApp/Supporting Files/WalgreensDashboardApp-Bridging-Header.h";
				SWIFT_OPTIMIZATION_LEVEL = "-Onone";
				SWIFT_VERSION = 3.0;
			};
			name = Debug;
		};
		A842C7401EB023FB002ED089 /* Release */ = {
			isa = XCBuildConfiguration;
			baseConfigurationReference = 2CF0AFDCB79E639C41000337 /* Pods-WalgreensDashboardApp.release.xcconfig */;
			buildSettings = {
				ALWAYS_EMBED_SWIFT_STANDARD_LIBRARIES = "$(inherited)";
				ASSETCATALOG_COMPILER_APPICON_NAME = AppIcon;
				CLANG_ENABLE_MODULES = YES;
				"CODE_SIGN_IDENTITY[sdk=iphoneos*]" = "iPhone Developer";
				DEVELOPMENT_TEAM = 7T68VBXSUT;
				FRAMEWORK_SEARCH_PATHS = (
					"$(inherited)",
					"$(PROJECT_DIR)",
				);
				INFOPLIST_FILE = "$(SRCROOT)/WalgreensDashboardApp/Supporting Files/Info.plist";
				IPHONEOS_DEPLOYMENT_TARGET = 10.3;
				LD_RUNPATH_SEARCH_PATHS = "$(inherited) @executable_path/Frameworks";
				PRODUCT_BUNDLE_IDENTIFIER = com.sebastiangarbarek.WalgreensDashboardApp;
				PRODUCT_NAME = "$(TARGET_NAME)";
				PROVISIONING_PROFILE_SPECIFIER = "";
				SWIFT_OBJC_BRIDGING_HEADER = "WalgreensDashboardApp/Supporting Files/WalgreensDashboardApp-Bridging-Header.h";
				SWIFT_VERSION = 3.0;
			};
			name = Release;
		};
/* End XCBuildConfiguration section */

/* Begin XCConfigurationList section */
		3978F1621EBEAF16001FD643 /* Build configuration list for PBXNativeTarget "WalgreensDashboardAppTests" */ = {
			isa = XCConfigurationList;
			buildConfigurations = (
				3978F1631EBEAF16001FD643 /* Debug */,
				3978F1641EBEAF16001FD643 /* Release */,
			);
			defaultConfigurationIsVisible = 0;
			defaultConfigurationName = Release;
		};
		A842C7221EB023FB002ED089 /* Build configuration list for PBXProject "WalgreensDashboardApp" */ = {
			isa = XCConfigurationList;
			buildConfigurations = (
				A842C73C1EB023FB002ED089 /* Debug */,
				A842C73D1EB023FB002ED089 /* Release */,
			);
			defaultConfigurationIsVisible = 0;
			defaultConfigurationName = Release;
		};
		A842C73E1EB023FB002ED089 /* Build configuration list for PBXNativeTarget "WalgreensDashboardApp" */ = {
			isa = XCConfigurationList;
			buildConfigurations = (
				A842C73F1EB023FB002ED089 /* Debug */,
				A842C7401EB023FB002ED089 /* Release */,
			);
			defaultConfigurationIsVisible = 0;
			defaultConfigurationName = Release;
		};
/* End XCConfigurationList section */
	};
	rootObject = A842C71F1EB023FB002ED089 /* Project object */;
}
